// !$*UTF8*$!
{
	archiveVersion = 1;
	classes = {
	};
	objectVersion = 77;
	objects = {

/* Begin PBXBuildFile section */
		2F435E9E2D4FBC05005E1C84 /* Color+.swift in Sources */ = {isa = PBXBuildFile; fileRef = 2F435E9D2D4FBC05005E1C84 /* Color+.swift */; };
		2F435EA22D4FBF35005E1C84 /* Colors.swift in Sources */ = {isa = PBXBuildFile; fileRef = 2F435EA12D4FBF35005E1C84 /* Colors.swift */; };
		2F435EA42D4FBF5A005E1C84 /* View+.swift in Sources */ = {isa = PBXBuildFile; fileRef = 2F435EA32D4FBF5A005E1C84 /* View+.swift */; };
		2F435EA62D4FBF91005E1C84 /* Effects.swift in Sources */ = {isa = PBXBuildFile; fileRef = 2F435EA52D4FBF91005E1C84 /* Effects.swift */; };
		2F435EA92D4FC19C005E1C84 /* Text+.swift in Sources */ = {isa = PBXBuildFile; fileRef = 2F435EA82D4FC19C005E1C84 /* Text+.swift */; };
		2F435EAB2D4FC1C4005E1C84 /* Fonts.swift in Sources */ = {isa = PBXBuildFile; fileRef = 2F435EAA2D4FC1C4005E1C84 /* Fonts.swift */; };
		2F435EB62D4FC26E005E1C84 /* Pretendard-Regular.otf in Resources */ = {isa = PBXBuildFile; fileRef = 2F435EB32D4FC26E005E1C84 /* Pretendard-Regular.otf */; };
		2F435EB72D4FC26E005E1C84 /* Pretendard-ExtraLight.otf in Resources */ = {isa = PBXBuildFile; fileRef = 2F435EB02D4FC26E005E1C84 /* Pretendard-ExtraLight.otf */; };
		2F435EB82D4FC26E005E1C84 /* Pretendard-Bold.otf in Resources */ = {isa = PBXBuildFile; fileRef = 2F435EAE2D4FC26E005E1C84 /* Pretendard-Bold.otf */; };
		2F435EB92D4FC26E005E1C84 /* Pretendard-Medium.otf in Resources */ = {isa = PBXBuildFile; fileRef = 2F435EB22D4FC26E005E1C84 /* Pretendard-Medium.otf */; };
		2F435EBA2D4FC26E005E1C84 /* Pretendard-SemiBold.otf in Resources */ = {isa = PBXBuildFile; fileRef = 2F435EB42D4FC26E005E1C84 /* Pretendard-SemiBold.otf */; };
		2F435EBB2D4FC26E005E1C84 /* Pretendard-Black.otf in Resources */ = {isa = PBXBuildFile; fileRef = 2F435EAD2D4FC26E005E1C84 /* Pretendard-Black.otf */; };
		2F435EBC2D4FC26E005E1C84 /* Pretendard-ExtraBold.otf in Resources */ = {isa = PBXBuildFile; fileRef = 2F435EAF2D4FC26E005E1C84 /* Pretendard-ExtraBold.otf */; };
		2F435EBD2D4FC26E005E1C84 /* Pretendard-Thin.otf in Resources */ = {isa = PBXBuildFile; fileRef = 2F435EB52D4FC26E005E1C84 /* Pretendard-Thin.otf */; };
		2F435EBE2D4FC26E005E1C84 /* Pretendard-Light.otf in Resources */ = {isa = PBXBuildFile; fileRef = 2F435EB12D4FC26E005E1C84 /* Pretendard-Light.otf */; };
		2F68B49D2D70D09A00548850 /* CommonTextfieldStyle.swift in Sources */ = {isa = PBXBuildFile; fileRef = 2F68B49C2D70D09A00548850 /* CommonTextfieldStyle.swift */; };
		2F68B4B12D717EBA00548850 /* TextFieldState.swift in Sources */ = {isa = PBXBuildFile; fileRef = 2F68B4B02D717EBA00548850 /* TextFieldState.swift */; };
		2F85BD5C2D916BFF0049FA77 /* Notification.swift in Sources */ = {isa = PBXBuildFile; fileRef = 2F85BD5B2D916BFF0049FA77 /* Notification.swift */; };
		2FA097852D427FC400D01792 /* hongmumuk_SwiftUITests.swift in Sources */ = {isa = PBXBuildFile; fileRef = 2FA097832D427FC400D01792 /* hongmumuk_SwiftUITests.swift */; };
		2FA0978C2D427FC900D01792 /* ContentView.swift in Sources */ = {isa = PBXBuildFile; fileRef = 2FA097892D427FC900D01792 /* ContentView.swift */; };
		2FA0978D2D427FC900D01792 /* hongmumuk_SwiftUIApp.swift in Sources */ = {isa = PBXBuildFile; fileRef = 2FA0978A2D427FC900D01792 /* hongmumuk_SwiftUIApp.swift */; };
		2FA0978E2D427FC900D01792 /* Preview Assets.xcassets in Resources */ = {isa = PBXBuildFile; fileRef = 2FA097862D427FC900D01792 /* Preview Assets.xcassets */; };
		2FA0978F2D427FC900D01792 /* Assets.xcassets in Resources */ = {isa = PBXBuildFile; fileRef = 2FA097882D427FC900D01792 /* Assets.xcassets */; };
		2FA097932D427FCF00D01792 /* hongmumuk_SwiftUIUITests.swift in Sources */ = {isa = PBXBuildFile; fileRef = 2FA097902D427FCF00D01792 /* hongmumuk_SwiftUIUITests.swift */; };
		2FA097942D427FCF00D01792 /* hongmumuk_SwiftUIUITestsLaunchTests.swift in Sources */ = {isa = PBXBuildFile; fileRef = 2FA097912D427FCF00D01792 /* hongmumuk_SwiftUIUITestsLaunchTests.swift */; };
		2FA0979D2D42865400D01792 /* .swiftlint.yml in Resources */ = {isa = PBXBuildFile; fileRef = 2FA0979C2D42865400D01792 /* .swiftlint.yml */; };
		2FA0979E2D42865400D01792 /* .swiftlint.yml in Resources */ = {isa = PBXBuildFile; fileRef = 2FA0979C2D42865400D01792 /* .swiftlint.yml */; };
		2FA0979F2D42865400D01792 /* .swiftlint.yml in Resources */ = {isa = PBXBuildFile; fileRef = 2FA0979C2D42865400D01792 /* .swiftlint.yml */; };
		2FA097C92D42A11000D01792 /* stag.xcconfig in Resources */ = {isa = PBXBuildFile; fileRef = 2FA097C82D42A11000D01792 /* stag.xcconfig */; };
		2FA097CA2D42A11000D01792 /* dev.xcconfig in Resources */ = {isa = PBXBuildFile; fileRef = 2FA097C62D42A11000D01792 /* dev.xcconfig */; };
		2FA097CB2D42A11000D01792 /* prod.xcconfig in Resources */ = {isa = PBXBuildFile; fileRef = 2FA097C72D42A11000D01792 /* prod.xcconfig */; };
		2FA097CC2D42A11000D01792 /* stag.xcconfig in Resources */ = {isa = PBXBuildFile; fileRef = 2FA097C82D42A11000D01792 /* stag.xcconfig */; };
		2FA097CD2D42A11000D01792 /* dev.xcconfig in Resources */ = {isa = PBXBuildFile; fileRef = 2FA097C62D42A11000D01792 /* dev.xcconfig */; };
		2FA097CE2D42A11000D01792 /* prod.xcconfig in Resources */ = {isa = PBXBuildFile; fileRef = 2FA097C72D42A11000D01792 /* prod.xcconfig */; };
		2FA097CF2D42A11000D01792 /* stag.xcconfig in Resources */ = {isa = PBXBuildFile; fileRef = 2FA097C82D42A11000D01792 /* stag.xcconfig */; };
		2FA097D02D42A11000D01792 /* dev.xcconfig in Resources */ = {isa = PBXBuildFile; fileRef = 2FA097C62D42A11000D01792 /* dev.xcconfig */; };
		2FA097D12D42A11000D01792 /* prod.xcconfig in Resources */ = {isa = PBXBuildFile; fileRef = 2FA097C72D42A11000D01792 /* prod.xcconfig */; };
		2FC2DF872E2BAA8B0052515C /* Badge.swift in Sources */ = {isa = PBXBuildFile; fileRef = 2FC2DF862E2BAA8B0052515C /* Badge.swift */; };
		2FC2DF892E2BE2A20052515C /* Triangle+.swift in Sources */ = {isa = PBXBuildFile; fileRef = 2FC2DF882E2BE2A20052515C /* Triangle+.swift */; };
		2FD2DD572E0B298300B34067 /* DateUtils.swift in Sources */ = {isa = PBXBuildFile; fileRef = 2FD2DD562E0B298300B34067 /* DateUtils.swift */; };
		2FF95D3D2DEC83BB005BA558 /* AppsFlyerLib in Frameworks */ = {isa = PBXBuildFile; productRef = 2FF95D3C2DEC83BB005BA558 /* AppsFlyerLib */; };
		2FF95D3F2DEC84AE005BA558 /* AppDelegate.swift in Sources */ = {isa = PBXBuildFile; fileRef = 2FF95D3E2DEC84AE005BA558 /* AppDelegate.swift */; };
		BE02D09D2D607D0C00F61E66 /* Sort.swift in Sources */ = {isa = PBXBuildFile; fileRef = BE02D09C2D607D0C00F61E66 /* Sort.swift */; };
		BE25DCFF2D79C283006B819E /* ProfileSet.swift in Sources */ = {isa = PBXBuildFile; fileRef = BE25DCFE2D79C283006B819E /* ProfileSet.swift */; };
		BE25DD032D79C840006B819E /* Bundle+.swift in Sources */ = {isa = PBXBuildFile; fileRef = BE25DD022D79C840006B819E /* Bundle+.swift */; };
		BE2712D22EF2680C00D09128 /* DetailView.swift in Sources */ = {isa = PBXBuildFile; fileRef = BE2712D12EF2680C00D09128 /* DetailView.swift */; };
		BE2D3BC72DAB99200008BA40 /* localize.py in Resources */ = {isa = PBXBuildFile; fileRef = BE2D3BC62DAB99200008BA40 /* localize.py */; };
		BE2D3BCD2DABAD980008BA40 /* hongmumuk-localization-456509-c03bc9f5eaee.json in Resources */ = {isa = PBXBuildFile; fileRef = BE2D3BCC2DABAD980008BA40 /* hongmumuk-localization-456509-c03bc9f5eaee.json */; };
		BE2D70CA2D818710002FA07C /* NetworkManager.swift in Sources */ = {isa = PBXBuildFile; fileRef = BE2D70C92D818710002FA07C /* NetworkManager.swift */; };
		BE34849E2EC1AB7B007A92A7 /* GoogleMobileAds in Frameworks */ = {isa = PBXBuildFile; productRef = BE34849D2EC1AB7B007A92A7 /* GoogleMobileAds */; };
		BE4F60A82E101DA3000F1212 /* UIImage+.swift in Sources */ = {isa = PBXBuildFile; fileRef = BE4F60A72E101DA3000F1212 /* UIImage+.swift */; };
		BE4F9B1E2D58FC9600E7CC46 /* Univ.swift in Sources */ = {isa = PBXBuildFile; fileRef = BE4F9B1D2D58FC9600E7CC46 /* Univ.swift */; };
		BE4F9B202D58FCB400E7CC46 /* Univ+.swift in Sources */ = {isa = PBXBuildFile; fileRef = BE4F9B1F2D58FCB400E7CC46 /* Univ+.swift */; };
		BE4F9B2F2D59EEBB00E7CC46 /* Constant.swift in Sources */ = {isa = PBXBuildFile; fileRef = BE4F9B2E2D59EEBB00E7CC46 /* Constant.swift */; };
		BE53EF172EFBCA8500168871 /* Supabase in Frameworks */ = {isa = PBXBuildFile; productRef = BE53EF162EFBCA8500168871 /* Supabase */; };
		BE5B13182DA917C300EEC23D /* Localizable.strings in Resources */ = {isa = PBXBuildFile; fileRef = BE5B13162DA917C300EEC23D /* Localizable.strings */; };
		BE5F1A952D51EB2500D124DB /* Cateogory.swift in Sources */ = {isa = PBXBuildFile; fileRef = BE5F1A932D51EB2500D124DB /* Cateogory.swift */; };
		BE79E7752D61BCC9002D57D8 /* Double+.swift in Sources */ = {isa = PBXBuildFile; fileRef = BE79E7742D61BCC9002D57D8 /* Double+.swift */; };
		BE8299622D60B5E70081F979 /* String+.swift in Sources */ = {isa = PBXBuildFile; fileRef = BE8299612D60B5E70081F979 /* String+.swift */; };
		BE8BE19C2EFBDF3F00A75736 /* ScreenModel.swift in Sources */ = {isa = PBXBuildFile; fileRef = BE8BE19B2EFBDF3F00A75736 /* ScreenModel.swift */; };
		BE8BE19E2EFBE00D00A75736 /* Screen.swift in Sources */ = {isa = PBXBuildFile; fileRef = BE8BE19D2EFBE00D00A75736 /* Screen.swift */; };
		BE941F872DAE452A00C80FA2 /* InfoPlist.xcstrings in Resources */ = {isa = PBXBuildFile; fileRef = BE941F862DAE452A00C80FA2 /* InfoPlist.xcstrings */; };
		BE9482202F0E11C400DA29B9 /* PartnerlView.swift in Sources */ = {isa = PBXBuildFile; fileRef = BE94821F2F0E11C400DA29B9 /* PartnerlView.swift */; };
		BE9482222F0E11CE00DA29B9 /* PartnerViewModel.swift in Sources */ = {isa = PBXBuildFile; fileRef = BE9482212F0E11CE00DA29B9 /* PartnerViewModel.swift */; };
		BE9482242F0E40B900DA29B9 /* SelectedItem.swift in Sources */ = {isa = PBXBuildFile; fileRef = BE9482232F0E40B900DA29B9 /* SelectedItem.swift */; };
		BE9482262F0E437500DA29B9 /* DetailViewModel.swift in Sources */ = {isa = PBXBuildFile; fileRef = BE9482252F0E437500DA29B9 /* DetailViewModel.swift */; };
		BEB42C2B2D7575770040F65F /* Epmty.swift in Sources */ = {isa = PBXBuildFile; fileRef = BEB42C2A2D7575770040F65F /* Epmty.swift */; };
		BEB42C312D758C0D0040F65F /* Loading.json in Resources */ = {isa = PBXBuildFile; fileRef = BEB42C302D758C0D0040F65F /* Loading.json */; };
		BEBCC8242F0A543B0015CB4F /* HM.swift in Sources */ = {isa = PBXBuildFile; fileRef = BEBCC8232F0A543B0015CB4F /* HM.swift */; };
		BEC498102F458BAB007E723F /* Kingfisher in Frameworks */ = {isa = PBXBuildFile; productRef = BEC4980F2F458BAB007E723F /* Kingfisher */; };
		BECBD5662EFBD16F005E234B /* SupabaseService.swift in Sources */ = {isa = PBXBuildFile; fileRef = BECBD5642EFBD16F005E234B /* SupabaseService.swift */; };
		BECBD5682EFBD645005E234B /* HomeModel.swift in Sources */ = {isa = PBXBuildFile; fileRef = BECBD5672EFBD645005E234B /* HomeModel.swift */; };
		BECD1DF42D6C0F4000FDA113 /* Keyword.swift in Sources */ = {isa = PBXBuildFile; fileRef = BECD1DF32D6C0F4000FDA113 /* Keyword.swift */; };
		BEEC2BCF2F0A3AA20094EFAE /* HomeView.swift in Sources */ = {isa = PBXBuildFile; fileRef = BEEC2BCE2F0A3AA20094EFAE /* HomeView.swift */; };
		BEEC2BDB2F0A3AB10094EFAE /* HMFilter.swift in Sources */ = {isa = PBXBuildFile; fileRef = BEEC2BD12F0A3AB10094EFAE /* HMFilter.swift */; };
		BEEC2BDC2F0A3AB10094EFAE /* HMImageOverlay.swift in Sources */ = {isa = PBXBuildFile; fileRef = BEEC2BD22F0A3AB10094EFAE /* HMImageOverlay.swift */; };
		BEEC2BDD2F0A3AB10094EFAE /* HMLagePhotoList.swift in Sources */ = {isa = PBXBuildFile; fileRef = BEEC2BD32F0A3AB10094EFAE /* HMLagePhotoList.swift */; };
		BEEC2BDE2F0A3AB10094EFAE /* HMLargePhotoCard.swift in Sources */ = {isa = PBXBuildFile; fileRef = BEEC2BD42F0A3AB10094EFAE /* HMLargePhotoCard.swift */; };
		BEEC2BDF2F0A3AB10094EFAE /* HMLargeTitle.swift in Sources */ = {isa = PBXBuildFile; fileRef = BEEC2BD52F0A3AB10094EFAE /* HMLargeTitle.swift */; };
		BEEC2BE02F0A3AB10094EFAE /* HMMediumPhotoCard.swift in Sources */ = {isa = PBXBuildFile; fileRef = BEEC2BD62F0A3AB10094EFAE /* HMMediumPhotoCard.swift */; };
		BEEC2BE12F0A3AB10094EFAE /* HMMediumPhotoList.swift in Sources */ = {isa = PBXBuildFile; fileRef = BEEC2BD72F0A3AB10094EFAE /* HMMediumPhotoList.swift */; };
		BEEC2BE22F0A3AB10094EFAE /* HMSmallPhotoCard.swift in Sources */ = {isa = PBXBuildFile; fileRef = BEEC2BD82F0A3AB10094EFAE /* HMSmallPhotoCard.swift */; };
		BEEC2BE32F0A3AB10094EFAE /* HMSmallPhotoList.swift in Sources */ = {isa = PBXBuildFile; fileRef = BEEC2BD92F0A3AB10094EFAE /* HMSmallPhotoList.swift */; };
		BEEC2BE52F0A3C420094EFAE /* HomeViewModel.swift in Sources */ = {isa = PBXBuildFile; fileRef = BEEC2BE42F0A3C420094EFAE /* HomeViewModel.swift */; };
		BEECD2AF2EC2FB0100D178C5 /* FirebaseAnalytics in Frameworks */ = {isa = PBXBuildFile; productRef = BEECD2AE2EC2FB0100D178C5 /* FirebaseAnalytics */; };
		BEECD2B12EC2FB0100D178C5 /* FirebaseCrashlytics in Frameworks */ = {isa = PBXBuildFile; productRef = BEECD2B02EC2FB0100D178C5 /* FirebaseCrashlytics */; };
		BEECD2B32EC2FB0100D178C5 /* FirebaseRemoteConfig in Frameworks */ = {isa = PBXBuildFile; productRef = BEECD2B22EC2FB0100D178C5 /* FirebaseRemoteConfig */; };
		BEECD2B52EC2FB5400D178C5 /* GoogleService-Info.plist in Resources */ = {isa = PBXBuildFile; fileRef = BEECD2B42EC2FB5400D178C5 /* GoogleService-Info.plist */; };
		BEECD2B62EC2FB5400D178C5 /* GoogleService-Info.plist in Resources */ = {isa = PBXBuildFile; fileRef = BEECD2B42EC2FB5400D178C5 /* GoogleService-Info.plist */; };
		BEECD2B72EC2FB5400D178C5 /* GoogleService-Info.plist in Resources */ = {isa = PBXBuildFile; fileRef = BEECD2B42EC2FB5400D178C5 /* GoogleService-Info.plist */; };
		BEECD2B92EC2FD9E00D178C5 /* Event.swift in Sources */ = {isa = PBXBuildFile; fileRef = BEECD2B82EC2FD9E00D178C5 /* Event.swift */; };
/* End PBXBuildFile section */

/* Begin PBXContainerItemProxy section */
		BEFB83AA2D3D35A1000D9537 /* PBXContainerItemProxy */ = {
			isa = PBXContainerItemProxy;
			containerPortal = BEFB83912D3D359F000D9537 /* Project object */;
			proxyType = 1;
			remoteGlobalIDString = BEFB83982D3D359F000D9537;
			remoteInfo = hongmumuk_SwiftUI;
		};
		BEFB83B42D3D35A1000D9537 /* PBXContainerItemProxy */ = {
			isa = PBXContainerItemProxy;
			containerPortal = BEFB83912D3D359F000D9537 /* Project object */;
			proxyType = 1;
			remoteGlobalIDString = BEFB83982D3D359F000D9537;
			remoteInfo = hongmumuk_SwiftUI;
		};
/* End PBXContainerItemProxy section */

/* Begin PBXFileReference section */
		2F435E9D2D4FBC05005E1C84 /* Color+.swift */ = {isa = PBXFileReference; lastKnownFileType = sourcecode.swift; path = "Color+.swift"; sourceTree = "<group>"; };
		2F435EA12D4FBF35005E1C84 /* Colors.swift */ = {isa = PBXFileReference; lastKnownFileType = sourcecode.swift; path = Colors.swift; sourceTree = "<group>"; };
		2F435EA32D4FBF5A005E1C84 /* View+.swift */ = {isa = PBXFileReference; lastKnownFileType = sourcecode.swift; path = "View+.swift"; sourceTree = "<group>"; };
		2F435EA52D4FBF91005E1C84 /* Effects.swift */ = {isa = PBXFileReference; lastKnownFileType = sourcecode.swift; path = Effects.swift; sourceTree = "<group>"; };
		2F435EA82D4FC19C005E1C84 /* Text+.swift */ = {isa = PBXFileReference; lastKnownFileType = sourcecode.swift; path = "Text+.swift"; sourceTree = "<group>"; };
		2F435EAA2D4FC1C4005E1C84 /* Fonts.swift */ = {isa = PBXFileReference; lastKnownFileType = sourcecode.swift; path = Fonts.swift; sourceTree = "<group>"; };
		2F435EAD2D4FC26E005E1C84 /* Pretendard-Black.otf */ = {isa = PBXFileReference; lastKnownFileType = file; path = "Pretendard-Black.otf"; sourceTree = "<group>"; };
		2F435EAE2D4FC26E005E1C84 /* Pretendard-Bold.otf */ = {isa = PBXFileReference; lastKnownFileType = file; path = "Pretendard-Bold.otf"; sourceTree = "<group>"; };
		2F435EAF2D4FC26E005E1C84 /* Pretendard-ExtraBold.otf */ = {isa = PBXFileReference; lastKnownFileType = file; path = "Pretendard-ExtraBold.otf"; sourceTree = "<group>"; };
		2F435EB02D4FC26E005E1C84 /* Pretendard-ExtraLight.otf */ = {isa = PBXFileReference; lastKnownFileType = file; path = "Pretendard-ExtraLight.otf"; sourceTree = "<group>"; };
		2F435EB12D4FC26E005E1C84 /* Pretendard-Light.otf */ = {isa = PBXFileReference; lastKnownFileType = file; path = "Pretendard-Light.otf"; sourceTree = "<group>"; };
		2F435EB22D4FC26E005E1C84 /* Pretendard-Medium.otf */ = {isa = PBXFileReference; lastKnownFileType = file; path = "Pretendard-Medium.otf"; sourceTree = "<group>"; };
		2F435EB32D4FC26E005E1C84 /* Pretendard-Regular.otf */ = {isa = PBXFileReference; lastKnownFileType = file; path = "Pretendard-Regular.otf"; sourceTree = "<group>"; };
		2F435EB42D4FC26E005E1C84 /* Pretendard-SemiBold.otf */ = {isa = PBXFileReference; lastKnownFileType = file; path = "Pretendard-SemiBold.otf"; sourceTree = "<group>"; };
		2F435EB52D4FC26E005E1C84 /* Pretendard-Thin.otf */ = {isa = PBXFileReference; lastKnownFileType = file; path = "Pretendard-Thin.otf"; sourceTree = "<group>"; };
		2F68B49C2D70D09A00548850 /* CommonTextfieldStyle.swift */ = {isa = PBXFileReference; lastKnownFileType = sourcecode.swift; path = CommonTextfieldStyle.swift; sourceTree = "<group>"; };
		2F68B4B02D717EBA00548850 /* TextFieldState.swift */ = {isa = PBXFileReference; lastKnownFileType = sourcecode.swift; path = TextFieldState.swift; sourceTree = "<group>"; };
		2F85BD5B2D916BFF0049FA77 /* Notification.swift */ = {isa = PBXFileReference; lastKnownFileType = sourcecode.swift; path = Notification.swift; sourceTree = "<group>"; };
		2FA097832D427FC400D01792 /* hongmumuk_SwiftUITests.swift */ = {isa = PBXFileReference; lastKnownFileType = sourcecode.swift; path = hongmumuk_SwiftUITests.swift; sourceTree = "<group>"; };
		2FA097862D427FC900D01792 /* Preview Assets.xcassets */ = {isa = PBXFileReference; lastKnownFileType = folder.assetcatalog; path = "Preview Assets.xcassets"; sourceTree = "<group>"; };
		2FA097882D427FC900D01792 /* Assets.xcassets */ = {isa = PBXFileReference; lastKnownFileType = folder.assetcatalog; path = Assets.xcassets; sourceTree = "<group>"; };
		2FA097892D427FC900D01792 /* ContentView.swift */ = {isa = PBXFileReference; lastKnownFileType = sourcecode.swift; path = ContentView.swift; sourceTree = "<group>"; };
		2FA0978A2D427FC900D01792 /* hongmumuk_SwiftUIApp.swift */ = {isa = PBXFileReference; lastKnownFileType = sourcecode.swift; path = hongmumuk_SwiftUIApp.swift; sourceTree = "<group>"; };
		2FA097902D427FCF00D01792 /* hongmumuk_SwiftUIUITests.swift */ = {isa = PBXFileReference; lastKnownFileType = sourcecode.swift; path = hongmumuk_SwiftUIUITests.swift; sourceTree = "<group>"; };
		2FA097912D427FCF00D01792 /* hongmumuk_SwiftUIUITestsLaunchTests.swift */ = {isa = PBXFileReference; lastKnownFileType = sourcecode.swift; path = hongmumuk_SwiftUIUITestsLaunchTests.swift; sourceTree = "<group>"; };
		2FA0979C2D42865400D01792 /* .swiftlint.yml */ = {isa = PBXFileReference; lastKnownFileType = text.yaml; path = .swiftlint.yml; sourceTree = "<group>"; };
		2FA097C62D42A11000D01792 /* dev.xcconfig */ = {isa = PBXFileReference; lastKnownFileType = text.xcconfig; path = dev.xcconfig; sourceTree = "<group>"; };
		2FA097C72D42A11000D01792 /* prod.xcconfig */ = {isa = PBXFileReference; lastKnownFileType = text.xcconfig; path = prod.xcconfig; sourceTree = "<group>"; };
		2FA097C82D42A11000D01792 /* stag.xcconfig */ = {isa = PBXFileReference; lastKnownFileType = text.xcconfig; path = stag.xcconfig; sourceTree = "<group>"; };
		2FC2DF862E2BAA8B0052515C /* Badge.swift */ = {isa = PBXFileReference; lastKnownFileType = sourcecode.swift; path = Badge.swift; sourceTree = "<group>"; };
		2FC2DF882E2BE2A20052515C /* Triangle+.swift */ = {isa = PBXFileReference; lastKnownFileType = sourcecode.swift; path = "Triangle+.swift"; sourceTree = "<group>"; };
		2FD2DD562E0B298300B34067 /* DateUtils.swift */ = {isa = PBXFileReference; lastKnownFileType = sourcecode.swift; path = DateUtils.swift; sourceTree = "<group>"; };
		2FF95D3E2DEC84AE005BA558 /* AppDelegate.swift */ = {isa = PBXFileReference; lastKnownFileType = sourcecode.swift; path = AppDelegate.swift; sourceTree = "<group>"; };
		BE02D09C2D607D0C00F61E66 /* Sort.swift */ = {isa = PBXFileReference; lastKnownFileType = sourcecode.swift; path = Sort.swift; sourceTree = "<group>"; };
		BE25DCFE2D79C283006B819E /* ProfileSet.swift */ = {isa = PBXFileReference; lastKnownFileType = sourcecode.swift; path = ProfileSet.swift; sourceTree = "<group>"; };
		BE25DD022D79C840006B819E /* Bundle+.swift */ = {isa = PBXFileReference; lastKnownFileType = sourcecode.swift; path = "Bundle+.swift"; sourceTree = "<group>"; };
		BE2712D12EF2680C00D09128 /* DetailView.swift */ = {isa = PBXFileReference; lastKnownFileType = sourcecode.swift; path = DetailView.swift; sourceTree = "<group>"; };
		BE2D3BC62DAB99200008BA40 /* localize.py */ = {isa = PBXFileReference; lastKnownFileType = text.script.python; path = localize.py; sourceTree = "<group>"; };
		BE2D3BCC2DABAD980008BA40 /* hongmumuk-localization-456509-c03bc9f5eaee.json */ = {isa = PBXFileReference; lastKnownFileType = text.json; path = "hongmumuk-localization-456509-c03bc9f5eaee.json"; sourceTree = "<group>"; };
		BE2D70C92D818710002FA07C /* NetworkManager.swift */ = {isa = PBXFileReference; lastKnownFileType = sourcecode.swift; path = NetworkManager.swift; sourceTree = "<group>"; };
		BE4F60A72E101DA3000F1212 /* UIImage+.swift */ = {isa = PBXFileReference; lastKnownFileType = sourcecode.swift; path = "UIImage+.swift"; sourceTree = "<group>"; };
		BE4F9B1D2D58FC9600E7CC46 /* Univ.swift */ = {isa = PBXFileReference; lastKnownFileType = sourcecode.swift; path = Univ.swift; sourceTree = "<group>"; };
		BE4F9B1F2D58FCB400E7CC46 /* Univ+.swift */ = {isa = PBXFileReference; lastKnownFileType = sourcecode.swift; path = "Univ+.swift"; sourceTree = "<group>"; };
		BE4F9B2D2D59EE2C00E7CC46 /* hongmumuk-SwiftUI-Info.plist */ = {isa = PBXFileReference; lastKnownFileType = text.plist.xml; path = "hongmumuk-SwiftUI-Info.plist"; sourceTree = SOURCE_ROOT; };
		BE4F9B2E2D59EEBB00E7CC46 /* Constant.swift */ = {isa = PBXFileReference; lastKnownFileType = sourcecode.swift; path = Constant.swift; sourceTree = "<group>"; };
		BE5B13172DA917C300EEC23D /* en */ = {isa = PBXFileReference; lastKnownFileType = text.plist.strings; name = en; path = en.lproj/Localizable.strings; sourceTree = "<group>"; };
		BE5B131A2DA917CC00EEC23D /* ko */ = {isa = PBXFileReference; lastKnownFileType = text.plist.strings; name = ko; path = ko.lproj/Localizable.strings; sourceTree = "<group>"; };
		BE5F1A932D51EB2500D124DB /* Cateogory.swift */ = {isa = PBXFileReference; lastKnownFileType = sourcecode.swift; path = Cateogory.swift; sourceTree = "<group>"; };
		BE79E7742D61BCC9002D57D8 /* Double+.swift */ = {isa = PBXFileReference; lastKnownFileType = sourcecode.swift; path = "Double+.swift"; sourceTree = "<group>"; };
		BE8299612D60B5E70081F979 /* String+.swift */ = {isa = PBXFileReference; lastKnownFileType = sourcecode.swift; path = "String+.swift"; sourceTree = "<group>"; };
		BE8BE19B2EFBDF3F00A75736 /* ScreenModel.swift */ = {isa = PBXFileReference; lastKnownFileType = sourcecode.swift; path = ScreenModel.swift; sourceTree = "<group>"; };
		BE8BE19D2EFBE00D00A75736 /* Screen.swift */ = {isa = PBXFileReference; lastKnownFileType = sourcecode.swift; path = Screen.swift; sourceTree = "<group>"; };
		BE941F852DAE3F5D00C80FA2 /* zh-Hans */ = {isa = PBXFileReference; lastKnownFileType = text.plist.strings; name = "zh-Hans"; path = "zh-Hans.lproj/Localizable.strings"; sourceTree = "<group>"; };
		BE941F862DAE452A00C80FA2 /* InfoPlist.xcstrings */ = {isa = PBXFileReference; lastKnownFileType = text.json.xcstrings; path = InfoPlist.xcstrings; sourceTree = "<group>"; };
		BE94821F2F0E11C400DA29B9 /* PartnerlView.swift */ = {isa = PBXFileReference; lastKnownFileType = sourcecode.swift; path = PartnerlView.swift; sourceTree = "<group>"; };
		BE9482212F0E11CE00DA29B9 /* PartnerViewModel.swift */ = {isa = PBXFileReference; lastKnownFileType = sourcecode.swift; path = PartnerViewModel.swift; sourceTree = "<group>"; };
		BE9482232F0E40B900DA29B9 /* SelectedItem.swift */ = {isa = PBXFileReference; lastKnownFileType = sourcecode.swift; path = SelectedItem.swift; sourceTree = "<group>"; };
		BE9482252F0E437500DA29B9 /* DetailViewModel.swift */ = {isa = PBXFileReference; lastKnownFileType = sourcecode.swift; path = DetailViewModel.swift; sourceTree = "<group>"; };
		BEB42C2A2D7575770040F65F /* Epmty.swift */ = {isa = PBXFileReference; lastKnownFileType = sourcecode.swift; path = Epmty.swift; sourceTree = "<group>"; };
		BEB42C302D758C0D0040F65F /* Loading.json */ = {isa = PBXFileReference; lastKnownFileType = text.json; path = Loading.json; sourceTree = "<group>"; };
		BEBCC8232F0A543B0015CB4F /* HM.swift */ = {isa = PBXFileReference; lastKnownFileType = sourcecode.swift; path = HM.swift; sourceTree = "<group>"; };
		BECBD5642EFBD16F005E234B /* SupabaseService.swift */ = {isa = PBXFileReference; lastKnownFileType = sourcecode.swift; path = SupabaseService.swift; sourceTree = "<group>"; };
		BECBD5672EFBD645005E234B /* HomeModel.swift */ = {isa = PBXFileReference; lastKnownFileType = sourcecode.swift; path = HomeModel.swift; sourceTree = "<group>"; };
		BECD1DF32D6C0F4000FDA113 /* Keyword.swift */ = {isa = PBXFileReference; lastKnownFileType = sourcecode.swift; path = Keyword.swift; sourceTree = "<group>"; };
		BEEC2BCE2F0A3AA20094EFAE /* HomeView.swift */ = {isa = PBXFileReference; lastKnownFileType = sourcecode.swift; path = HomeView.swift; sourceTree = "<group>"; };
		BEEC2BD12F0A3AB10094EFAE /* HMFilter.swift */ = {isa = PBXFileReference; lastKnownFileType = sourcecode.swift; path = HMFilter.swift; sourceTree = "<group>"; };
		BEEC2BD22F0A3AB10094EFAE /* HMImageOverlay.swift */ = {isa = PBXFileReference; lastKnownFileType = sourcecode.swift; path = HMImageOverlay.swift; sourceTree = "<group>"; };
		BEEC2BD32F0A3AB10094EFAE /* HMLagePhotoList.swift */ = {isa = PBXFileReference; lastKnownFileType = sourcecode.swift; path = HMLagePhotoList.swift; sourceTree = "<group>"; };
		BEEC2BD42F0A3AB10094EFAE /* HMLargePhotoCard.swift */ = {isa = PBXFileReference; lastKnownFileType = sourcecode.swift; path = HMLargePhotoCard.swift; sourceTree = "<group>"; };
		BEEC2BD52F0A3AB10094EFAE /* HMLargeTitle.swift */ = {isa = PBXFileReference; lastKnownFileType = sourcecode.swift; path = HMLargeTitle.swift; sourceTree = "<group>"; };
		BEEC2BD62F0A3AB10094EFAE /* HMMediumPhotoCard.swift */ = {isa = PBXFileReference; lastKnownFileType = sourcecode.swift; path = HMMediumPhotoCard.swift; sourceTree = "<group>"; };
		BEEC2BD72F0A3AB10094EFAE /* HMMediumPhotoList.swift */ = {isa = PBXFileReference; lastKnownFileType = sourcecode.swift; path = HMMediumPhotoList.swift; sourceTree = "<group>"; };
		BEEC2BD82F0A3AB10094EFAE /* HMSmallPhotoCard.swift */ = {isa = PBXFileReference; lastKnownFileType = sourcecode.swift; path = HMSmallPhotoCard.swift; sourceTree = "<group>"; };
		BEEC2BD92F0A3AB10094EFAE /* HMSmallPhotoList.swift */ = {isa = PBXFileReference; lastKnownFileType = sourcecode.swift; path = HMSmallPhotoList.swift; sourceTree = "<group>"; };
		BEEC2BE42F0A3C420094EFAE /* HomeViewModel.swift */ = {isa = PBXFileReference; lastKnownFileType = sourcecode.swift; path = HomeViewModel.swift; sourceTree = "<group>"; };
		BEECD2B42EC2FB5400D178C5 /* GoogleService-Info.plist */ = {isa = PBXFileReference; lastKnownFileType = text.plist.xml; path = "GoogleService-Info.plist"; sourceTree = "<group>"; };
		BEECD2B82EC2FD9E00D178C5 /* Event.swift */ = {isa = PBXFileReference; lastKnownFileType = sourcecode.swift; path = Event.swift; sourceTree = "<group>"; };
		BEFB83992D3D359F000D9537 /* hongmumuk_SwiftUI.app */ = {isa = PBXFileReference; explicitFileType = wrapper.application; includeInIndex = 0; path = hongmumuk_SwiftUI.app; sourceTree = BUILT_PRODUCTS_DIR; };
		BEFB83A92D3D35A1000D9537 /* hongmumuk_SwiftUITests.xctest */ = {isa = PBXFileReference; explicitFileType = wrapper.cfbundle; includeInIndex = 0; path = hongmumuk_SwiftUITests.xctest; sourceTree = BUILT_PRODUCTS_DIR; };
		BEFB83B32D3D35A1000D9537 /* hongmumuk_SwiftUIUITests.xctest */ = {isa = PBXFileReference; explicitFileType = wrapper.cfbundle; includeInIndex = 0; path = hongmumuk_SwiftUIUITests.xctest; sourceTree = BUILT_PRODUCTS_DIR; };
/* End PBXFileReference section */

/* Begin PBXFrameworksBuildPhase section */
		BEFB83962D3D359F000D9537 /* Frameworks */ = {
			isa = PBXFrameworksBuildPhase;
			buildActionMask = 2147483647;
			files = (
				BE53EF172EFBCA8500168871 /* Supabase in Frameworks */,
				BE34849E2EC1AB7B007A92A7 /* GoogleMobileAds in Frameworks */,
				BEC498102F458BAB007E723F /* Kingfisher in Frameworks */,
				BEECD2B12EC2FB0100D178C5 /* FirebaseCrashlytics in Frameworks */,
				BEECD2B32EC2FB0100D178C5 /* FirebaseRemoteConfig in Frameworks */,
				BEECD2AF2EC2FB0100D178C5 /* FirebaseAnalytics in Frameworks */,
				2FF95D3D2DEC83BB005BA558 /* AppsFlyerLib in Frameworks */,
			);
			runOnlyForDeploymentPostprocessing = 0;
		};
		BEFB83A62D3D35A1000D9537 /* Frameworks */ = {
			isa = PBXFrameworksBuildPhase;
			buildActionMask = 2147483647;
			files = (
			);
			runOnlyForDeploymentPostprocessing = 0;
		};
		BEFB83B02D3D35A1000D9537 /* Frameworks */ = {
			isa = PBXFrameworksBuildPhase;
			buildActionMask = 2147483647;
			files = (
			);
			runOnlyForDeploymentPostprocessing = 0;
		};
/* End PBXFrameworksBuildPhase section */

/* Begin PBXGroup section */
		2F435E9C2D4FBA3B005E1C84 /* DesignSystem */ = {
			isa = PBXGroup;
			children = (
				2F435EA12D4FBF35005E1C84 /* Colors.swift */,
				2F435EA52D4FBF91005E1C84 /* Effects.swift */,
				2F435EAA2D4FC1C4005E1C84 /* Fonts.swift */,
			);
			path = DesignSystem;
			sourceTree = "<group>";
		};
		2F435EA72D4FC163005E1C84 /* Extension */ = {
			isa = PBXGroup;
			children = (
				2F435E9D2D4FBC05005E1C84 /* Color+.swift */,
				2F435EA32D4FBF5A005E1C84 /* View+.swift */,
				2F435EA82D4FC19C005E1C84 /* Text+.swift */,
				BE4F9B1F2D58FCB400E7CC46 /* Univ+.swift */,
				BE79E7742D61BCC9002D57D8 /* Double+.swift */,
				BE8299612D60B5E70081F979 /* String+.swift */,
				BE25DD022D79C840006B819E /* Bundle+.swift */,
				BE4F60A72E101DA3000F1212 /* UIImage+.swift */,
				2FC2DF882E2BE2A20052515C /* Triangle+.swift */,
			);
			path = Extension;
			sourceTree = "<group>";
		};
		2F435EAC2D4FC265005E1C84 /* Font */ = {
			isa = PBXGroup;
			children = (
				2F435EAD2D4FC26E005E1C84 /* Pretendard-Black.otf */,
				2F435EAE2D4FC26E005E1C84 /* Pretendard-Bold.otf */,
				2F435EAF2D4FC26E005E1C84 /* Pretendard-ExtraBold.otf */,
				2F435EB02D4FC26E005E1C84 /* Pretendard-ExtraLight.otf */,
				2F435EB12D4FC26E005E1C84 /* Pretendard-Light.otf */,
				2F435EB22D4FC26E005E1C84 /* Pretendard-Medium.otf */,
				2F435EB32D4FC26E005E1C84 /* Pretendard-Regular.otf */,
				2F435EB42D4FC26E005E1C84 /* Pretendard-SemiBold.otf */,
				2F435EB52D4FC26E005E1C84 /* Pretendard-Thin.otf */,
			);
			path = Font;
			sourceTree = "<group>";
		};
		2F68B49B2D70D05D00548850 /* Utility */ = {
			isa = PBXGroup;
			children = (
				2F68B49C2D70D09A00548850 /* CommonTextfieldStyle.swift */,
				BE2D70C92D818710002FA07C /* NetworkManager.swift */,
				2F85BD5B2D916BFF0049FA77 /* Notification.swift */,
				2FD2DD562E0B298300B34067 /* DateUtils.swift */,
			);
			path = Utility;
			sourceTree = "<group>";
		};
		2FA097842D427FC400D01792 /* hongmumuk_SwiftUITests */ = {
			isa = PBXGroup;
			children = (
				2FA097832D427FC400D01792 /* hongmumuk_SwiftUITests.swift */,
			);
			path = hongmumuk_SwiftUITests;
			sourceTree = "<group>";
		};
		2FA097872D427FC900D01792 /* Preview Content */ = {
			isa = PBXGroup;
			children = (
				2FA097862D427FC900D01792 /* Preview Assets.xcassets */,
			);
			path = "Preview Content";
			sourceTree = "<group>";
		};
		2FA0978B2D427FC900D01792 /* hongmumuk_SwiftUI */ = {
			isa = PBXGroup;
			children = (
				BECBD5652EFBD16F005E234B /* Data */,
				BE22A4AF2EDEC50E0019164B /* Presentation */,
				BE5B13152DA917A000EEC23D /* Localization */,
				2F68B49B2D70D05D00548850 /* Utility */,
				BE5F1A942D51EB2500D124DB /* Enums */,
				2F435EAC2D4FC265005E1C84 /* Font */,
				2F435EA72D4FC163005E1C84 /* Extension */,
				2F435E9C2D4FBA3B005E1C84 /* DesignSystem */,
				2FA097C52D42A0EC00D01792 /* Configuration */,
				2FA097872D427FC900D01792 /* Preview Content */,
				BEB42C302D758C0D0040F65F /* Loading.json */,
				2FA097882D427FC900D01792 /* Assets.xcassets */,
				2FF95D3E2DEC84AE005BA558 /* AppDelegate.swift */,
				2FA097892D427FC900D01792 /* ContentView.swift */,
				2FA0978A2D427FC900D01792 /* hongmumuk_SwiftUIApp.swift */,
			);
			path = hongmumuk_SwiftUI;
			sourceTree = "<group>";
		};
		2FA097922D427FCF00D01792 /* hongmumuk_SwiftUIUITests */ = {
			isa = PBXGroup;
			children = (
				2FA097902D427FCF00D01792 /* hongmumuk_SwiftUIUITests.swift */,
				2FA097912D427FCF00D01792 /* hongmumuk_SwiftUIUITestsLaunchTests.swift */,
			);
			path = hongmumuk_SwiftUIUITests;
			sourceTree = "<group>";
		};
		2FA097C52D42A0EC00D01792 /* Configuration */ = {
			isa = PBXGroup;
			children = (
				BEECD2B42EC2FB5400D178C5 /* GoogleService-Info.plist */,
				BE4F9B2D2D59EE2C00E7CC46 /* hongmumuk-SwiftUI-Info.plist */,
				2FA097C62D42A11000D01792 /* dev.xcconfig */,
				2FA097C72D42A11000D01792 /* prod.xcconfig */,
				2FA097C82D42A11000D01792 /* stag.xcconfig */,
			);
			path = Configuration;
			sourceTree = "<group>";
		};
		BE22A4AD2EDEC50E0019164B /* Partner */ = {
			isa = PBXGroup;
			children = (
				BE94821F2F0E11C400DA29B9 /* PartnerlView.swift */,
				BE9482212F0E11CE00DA29B9 /* PartnerViewModel.swift */,
			);
			path = Partner;
			sourceTree = "<group>";
		};
		BE22A4AE2EDEC50E0019164B /* Home */ = {
			isa = PBXGroup;
			children = (
				BEEC2BCE2F0A3AA20094EFAE /* HomeView.swift */,
				BEEC2BE42F0A3C420094EFAE /* HomeViewModel.swift */,
			);
			path = Home;
			sourceTree = "<group>";
		};
		BE22A4AF2EDEC50E0019164B /* Presentation */ = {
			isa = PBXGroup;
			children = (
				BEEC2BDA2F0A3AB10094EFAE /* Custom */,
				BE22A4AE2EDEC50E0019164B /* Home */,
				BE2712D02EF2680500D09128 /* Detail */,
				BE22A4AD2EDEC50E0019164B /* Partner */,
			);
			path = Presentation;
			sourceTree = "<group>";
		};
		BE2712D02EF2680500D09128 /* Detail */ = {
			isa = PBXGroup;
			children = (
				BE2712D12EF2680C00D09128 /* DetailView.swift */,
				BE9482252F0E437500DA29B9 /* DetailViewModel.swift */,
			);
			path = Detail;
			sourceTree = "<group>";
		};
		BE5B13152DA917A000EEC23D /* Localization */ = {
			isa = PBXGroup;
			children = (
				BE5B131E2DA9193D00EEC23D /* Script */,
				BE941F862DAE452A00C80FA2 /* InfoPlist.xcstrings */,
			);
			path = Localization;
			sourceTree = "<group>";
		};
		BE5B131E2DA9193D00EEC23D /* Script */ = {
			isa = PBXGroup;
			children = (
				BE2D3BCC2DABAD980008BA40 /* hongmumuk-localization-456509-c03bc9f5eaee.json */,
				BE5B13162DA917C300EEC23D /* Localizable.strings */,
				BE2D3BC62DAB99200008BA40 /* localize.py */,
			);
			path = Script;
			sourceTree = "<group>";
		};
		BE5F1A942D51EB2500D124DB /* Enums */ = {
			isa = PBXGroup;
			children = (
				BE5F1A932D51EB2500D124DB /* Cateogory.swift */,
				BE4F9B1D2D58FC9600E7CC46 /* Univ.swift */,
				BE4F9B2E2D59EEBB00E7CC46 /* Constant.swift */,
				BE02D09C2D607D0C00F61E66 /* Sort.swift */,
				2F68B4B02D717EBA00548850 /* TextFieldState.swift */,
				BECD1DF32D6C0F4000FDA113 /* Keyword.swift */,
				BEB42C2A2D7575770040F65F /* Epmty.swift */,
				BE25DCFE2D79C283006B819E /* ProfileSet.swift */,
				2FC2DF862E2BAA8B0052515C /* Badge.swift */,
				BEECD2B82EC2FD9E00D178C5 /* Event.swift */,
				BE8BE19D2EFBE00D00A75736 /* Screen.swift */,
			);
			path = Enums;
			sourceTree = "<group>";
		};
		BECBD5652EFBD16F005E234B /* Data */ = {
			isa = PBXGroup;
			children = (
				BECBD5642EFBD16F005E234B /* SupabaseService.swift */,
				BECBD5672EFBD645005E234B /* HomeModel.swift */,
				BE8BE19B2EFBDF3F00A75736 /* ScreenModel.swift */,
				BE9482232F0E40B900DA29B9 /* SelectedItem.swift */,
			);
			path = Data;
			sourceTree = "<group>";
		};
		BEEC2BDA2F0A3AB10094EFAE /* Custom */ = {
			isa = PBXGroup;
			children = (
				BEBCC8232F0A543B0015CB4F /* HM.swift */,
				BEEC2BD12F0A3AB10094EFAE /* HMFilter.swift */,
				BEEC2BD52F0A3AB10094EFAE /* HMLargeTitle.swift */,
				BEEC2BD22F0A3AB10094EFAE /* HMImageOverlay.swift */,
				BEEC2BD32F0A3AB10094EFAE /* HMLagePhotoList.swift */,
				BEEC2BD42F0A3AB10094EFAE /* HMLargePhotoCard.swift */,
				BEEC2BD72F0A3AB10094EFAE /* HMMediumPhotoList.swift */,
				BEEC2BD62F0A3AB10094EFAE /* HMMediumPhotoCard.swift */,
				BEEC2BD82F0A3AB10094EFAE /* HMSmallPhotoCard.swift */,
				BEEC2BD92F0A3AB10094EFAE /* HMSmallPhotoList.swift */,
			);
			path = Custom;
			sourceTree = "<group>";
		};
		BEFB83902D3D359F000D9537 = {
			isa = PBXGroup;
			children = (
				2FA0979C2D42865400D01792 /* .swiftlint.yml */,
				2FA0978B2D427FC900D01792 /* hongmumuk_SwiftUI */,
				2FA097842D427FC400D01792 /* hongmumuk_SwiftUITests */,
				2FA097922D427FCF00D01792 /* hongmumuk_SwiftUIUITests */,
				BEFB839A2D3D359F000D9537 /* Products */,
			);
			sourceTree = "<group>";
		};
		BEFB839A2D3D359F000D9537 /* Products */ = {
			isa = PBXGroup;
			children = (
				BEFB83992D3D359F000D9537 /* hongmumuk_SwiftUI.app */,
				BEFB83A92D3D35A1000D9537 /* hongmumuk_SwiftUITests.xctest */,
				BEFB83B32D3D35A1000D9537 /* hongmumuk_SwiftUIUITests.xctest */,
			);
			name = Products;
			sourceTree = "<group>";
		};
/* End PBXGroup section */

/* Begin PBXNativeTarget section */
		BEFB83982D3D359F000D9537 /* hongmumuk_SwiftUI */ = {
			isa = PBXNativeTarget;
			buildConfigurationList = BEFB83BD2D3D35A1000D9537 /* Build configuration list for PBXNativeTarget "hongmumuk_SwiftUI" */;
			buildPhases = (
				BEFB83952D3D359F000D9537 /* Sources */,
				BE50C7862D509A1000873961 /* swiftFormat */,
				2FA097952D4280EA00D01792 /* SwiftLint */,
				BEFB83962D3D359F000D9537 /* Frameworks */,
				BEFB83972D3D359F000D9537 /* Resources */,
			);
			buildRules = (
			);
			dependencies = (
			);
			name = hongmumuk_SwiftUI;
			packageProductDependencies = (
				2FF95D3C2DEC83BB005BA558 /* AppsFlyerLib */,
				BE34849D2EC1AB7B007A92A7 /* GoogleMobileAds */,
				BEECD2AE2EC2FB0100D178C5 /* FirebaseAnalytics */,
				BEECD2B02EC2FB0100D178C5 /* FirebaseCrashlytics */,
				BEECD2B22EC2FB0100D178C5 /* FirebaseRemoteConfig */,
				BE53EF162EFBCA8500168871 /* Supabase */,
				BEC4980F2F458BAB007E723F /* Kingfisher */,
			);
			productName = hongmumuk_SwiftUI;
			productReference = BEFB83992D3D359F000D9537 /* hongmumuk_SwiftUI.app */;
			productType = "com.apple.product-type.application";
		};
		BEFB83A82D3D35A1000D9537 /* hongmumuk_SwiftUITests */ = {
			isa = PBXNativeTarget;
			buildConfigurationList = BEFB83C02D3D35A1000D9537 /* Build configuration list for PBXNativeTarget "hongmumuk_SwiftUITests" */;
			buildPhases = (
				BEFB83A52D3D35A1000D9537 /* Sources */,
				BEFB83A62D3D35A1000D9537 /* Frameworks */,
				BEFB83A72D3D35A1000D9537 /* Resources */,
			);
			buildRules = (
			);
			dependencies = (
				BEFB83AB2D3D35A1000D9537 /* PBXTargetDependency */,
			);
			name = hongmumuk_SwiftUITests;
			packageProductDependencies = (
			);
			productName = hongmumuk_SwiftUITests;
			productReference = BEFB83A92D3D35A1000D9537 /* hongmumuk_SwiftUITests.xctest */;
			productType = "com.apple.product-type.bundle.unit-test";
		};
		BEFB83B22D3D35A1000D9537 /* hongmumuk_SwiftUIUITests */ = {
			isa = PBXNativeTarget;
			buildConfigurationList = BEFB83C32D3D35A1000D9537 /* Build configuration list for PBXNativeTarget "hongmumuk_SwiftUIUITests" */;
			buildPhases = (
				BEFB83AF2D3D35A1000D9537 /* Sources */,
				BEFB83B02D3D35A1000D9537 /* Frameworks */,
				BEFB83B12D3D35A1000D9537 /* Resources */,
			);
			buildRules = (
			);
			dependencies = (
				BEFB83B52D3D35A1000D9537 /* PBXTargetDependency */,
			);
			name = hongmumuk_SwiftUIUITests;
			packageProductDependencies = (
			);
			productName = hongmumuk_SwiftUIUITests;
			productReference = BEFB83B32D3D35A1000D9537 /* hongmumuk_SwiftUIUITests.xctest */;
			productType = "com.apple.product-type.bundle.ui-testing";
		};
/* End PBXNativeTarget section */

/* Begin PBXProject section */
		BEFB83912D3D359F000D9537 /* Project object */ = {
			isa = PBXProject;
			attributes = {
				BuildIndependentTargetsInParallel = YES;
				LastSwiftUpdateCheck = 1620;
				LastUpgradeCheck = 1620;
				TargetAttributes = {
					BEFB83982D3D359F000D9537 = {
						CreatedOnToolsVersion = 16.2;
					};
					BEFB83A82D3D35A1000D9537 = {
						CreatedOnToolsVersion = 16.2;
						TestTargetID = BEFB83982D3D359F000D9537;
					};
					BEFB83B22D3D35A1000D9537 = {
						CreatedOnToolsVersion = 16.2;
						TestTargetID = BEFB83982D3D359F000D9537;
					};
				};
			};
			buildConfigurationList = BEFB83942D3D359F000D9537 /* Build configuration list for PBXProject "hongmumuk_SwiftUI" */;
			developmentRegion = en;
			hasScannedForEncodings = 0;
			knownRegions = (
				en,
				ko,
				"zh-Hans",
				Base,
			);
			mainGroup = BEFB83902D3D359F000D9537;
			minimizedProjectReferenceProxies = 1;
			packageReferences = (
				2FF95D3B2DEC83BB005BA558 /* XCRemoteSwiftPackageReference "AppsFlyerFramework" */,
				BE34849C2EC1AB7B007A92A7 /* XCRemoteSwiftPackageReference "swift-package-manager-google-mobile-ads" */,
				BEECD2AD2EC2FB0100D178C5 /* XCRemoteSwiftPackageReference "firebase-ios-sdk" */,
				BE53EF152EFBCA8500168871 /* XCRemoteSwiftPackageReference "supabase-swift" */,
				BEC4980E2F458BAB007E723F /* XCRemoteSwiftPackageReference "Kingfisher" */,
			);
			preferredProjectObjectVersion = 77;
			productRefGroup = BEFB839A2D3D359F000D9537 /* Products */;
			projectDirPath = "";
			projectRoot = "";
			targets = (
				BEFB83982D3D359F000D9537 /* hongmumuk_SwiftUI */,
				BEFB83A82D3D35A1000D9537 /* hongmumuk_SwiftUITests */,
				BEFB83B22D3D35A1000D9537 /* hongmumuk_SwiftUIUITests */,
			);
		};
/* End PBXProject section */

/* Begin PBXResourcesBuildPhase section */
		BEFB83972D3D359F000D9537 /* Resources */ = {
			isa = PBXResourcesBuildPhase;
			buildActionMask = 2147483647;
			files = (
				BE5B13182DA917C300EEC23D /* Localizable.strings in Resources */,
				2FA0978E2D427FC900D01792 /* Preview Assets.xcassets in Resources */,
				2FA0978F2D427FC900D01792 /* Assets.xcassets in Resources */,
				BEB42C312D758C0D0040F65F /* Loading.json in Resources */,
				2FA097CC2D42A11000D01792 /* stag.xcconfig in Resources */,
				2FA097CD2D42A11000D01792 /* dev.xcconfig in Resources */,
				BE941F872DAE452A00C80FA2 /* InfoPlist.xcstrings in Resources */,
				2FA097CE2D42A11000D01792 /* prod.xcconfig in Resources */,
				2F435EB62D4FC26E005E1C84 /* Pretendard-Regular.otf in Resources */,
				2F435EB72D4FC26E005E1C84 /* Pretendard-ExtraLight.otf in Resources */,
				BE2D3BC72DAB99200008BA40 /* localize.py in Resources */,
				2F435EB82D4FC26E005E1C84 /* Pretendard-Bold.otf in Resources */,
				2F435EB92D4FC26E005E1C84 /* Pretendard-Medium.otf in Resources */,
				2F435EBA2D4FC26E005E1C84 /* Pretendard-SemiBold.otf in Resources */,
				2F435EBB2D4FC26E005E1C84 /* Pretendard-Black.otf in Resources */,
				2F435EBC2D4FC26E005E1C84 /* Pretendard-ExtraBold.otf in Resources */,
				2F435EBD2D4FC26E005E1C84 /* Pretendard-Thin.otf in Resources */,
				BEECD2B72EC2FB5400D178C5 /* GoogleService-Info.plist in Resources */,
				BE2D3BCD2DABAD980008BA40 /* hongmumuk-localization-456509-c03bc9f5eaee.json in Resources */,
				2F435EBE2D4FC26E005E1C84 /* Pretendard-Light.otf in Resources */,
				2FA0979D2D42865400D01792 /* .swiftlint.yml in Resources */,
			);
			runOnlyForDeploymentPostprocessing = 0;
		};
		BEFB83A72D3D35A1000D9537 /* Resources */ = {
			isa = PBXResourcesBuildPhase;
			buildActionMask = 2147483647;
			files = (
				BEECD2B52EC2FB5400D178C5 /* GoogleService-Info.plist in Resources */,
				2FA097C92D42A11000D01792 /* stag.xcconfig in Resources */,
				2FA097CA2D42A11000D01792 /* dev.xcconfig in Resources */,
				2FA097CB2D42A11000D01792 /* prod.xcconfig in Resources */,
				2FA0979E2D42865400D01792 /* .swiftlint.yml in Resources */,
			);
			runOnlyForDeploymentPostprocessing = 0;
		};
		BEFB83B12D3D35A1000D9537 /* Resources */ = {
			isa = PBXResourcesBuildPhase;
			buildActionMask = 2147483647;
			files = (
				BEECD2B62EC2FB5400D178C5 /* GoogleService-Info.plist in Resources */,
				2FA097CF2D42A11000D01792 /* stag.xcconfig in Resources */,
				2FA097D02D42A11000D01792 /* dev.xcconfig in Resources */,
				2FA097D12D42A11000D01792 /* prod.xcconfig in Resources */,
				2FA0979F2D42865400D01792 /* .swiftlint.yml in Resources */,
			);
			runOnlyForDeploymentPostprocessing = 0;
		};
/* End PBXResourcesBuildPhase section */

/* Begin PBXShellScriptBuildPhase section */
		2FA097952D4280EA00D01792 /* SwiftLint */ = {
			isa = PBXShellScriptBuildPhase;
			alwaysOutOfDate = 1;
			buildActionMask = 2147483647;
			files = (
			);
			inputFileListPaths = (
			);
			inputPaths = (
			);
			name = SwiftLint;
			outputFileListPaths = (
			);
			outputPaths = (
			);
			runOnlyForDeploymentPostprocessing = 0;
			shellPath = /bin/sh;
			shellScript = "export PATH=\"/opt/homebrew/bin:$PATH\"\n\nif which swiftlint > /dev/null; then\n  swiftlint\nelse\n  echo \"warning: SwiftLint not installed, download from https://github.com/realm/SwiftLint\"\nfi\n";
		};
		BE50C7862D509A1000873961 /* swiftFormat */ = {
			isa = PBXShellScriptBuildPhase;
			buildActionMask = 2147483647;
			files = (
			);
			inputFileListPaths = (
			);
			inputPaths = (
			);
			name = swiftFormat;
			outputFileListPaths = (
			);
			outputPaths = (
			);
			runOnlyForDeploymentPostprocessing = 0;
			shellPath = /bin/sh;
			shellScript = "# Type a script or drag a script file from your workspace to insert its path.\nexport PATH=\"$PATH:/opt/homebrew/bin\"\nif which swiftformat > /dev/null; then\n swiftformat .\nelse\necho \"warning: SwiftFormat not installed, download from https://github.com/nicklockwood/SwiftFormat\"\nfi\n";
		};
/* End PBXShellScriptBuildPhase section */

/* Begin PBXSourcesBuildPhase section */
		BEFB83952D3D359F000D9537 /* Sources */ = {
			isa = PBXSourcesBuildPhase;
			buildActionMask = 2147483647;
			files = (
				BE4F60A82E101DA3000F1212 /* UIImage+.swift in Sources */,
				BE02D09D2D607D0C00F61E66 /* Sort.swift in Sources */,
				2F85BD5C2D916BFF0049FA77 /* Notification.swift in Sources */,
				BE8BE19E2EFBE00D00A75736 /* Screen.swift in Sources */,
				BEEC2BCF2F0A3AA20094EFAE /* HomeView.swift in Sources */,
				2F435EAB2D4FC1C4005E1C84 /* Fonts.swift in Sources */,
				2F68B4B12D717EBA00548850 /* TextFieldState.swift in Sources */,
				BE2712D22EF2680C00D09128 /* DetailView.swift in Sources */,
				2F435EA62D4FBF91005E1C84 /* Effects.swift in Sources */,
				2FF95D3F2DEC84AE005BA558 /* AppDelegate.swift in Sources */,
				2FD2DD572E0B298300B34067 /* DateUtils.swift in Sources */,
				BE4F9B1E2D58FC9600E7CC46 /* Univ.swift in Sources */,
				BE4F9B2F2D59EEBB00E7CC46 /* Constant.swift in Sources */,
				BE9482262F0E437500DA29B9 /* DetailViewModel.swift in Sources */,
				2FC2DF892E2BE2A20052515C /* Triangle+.swift in Sources */,
				BE8299622D60B5E70081F979 /* String+.swift in Sources */,
				BE5F1A952D51EB2500D124DB /* Cateogory.swift in Sources */,
				BEB42C2B2D7575770040F65F /* Epmty.swift in Sources */,
				2FA0978C2D427FC900D01792 /* ContentView.swift in Sources */,
				BECD1DF42D6C0F4000FDA113 /* Keyword.swift in Sources */,
				BEEC2BDB2F0A3AB10094EFAE /* HMFilter.swift in Sources */,
				BEEC2BDC2F0A3AB10094EFAE /* HMImageOverlay.swift in Sources */,
				BE9482242F0E40B900DA29B9 /* SelectedItem.swift in Sources */,
				BEEC2BDD2F0A3AB10094EFAE /* HMLagePhotoList.swift in Sources */,
				BEEC2BDE2F0A3AB10094EFAE /* HMLargePhotoCard.swift in Sources */,
				BEEC2BDF2F0A3AB10094EFAE /* HMLargeTitle.swift in Sources */,
				BEEC2BE02F0A3AB10094EFAE /* HMMediumPhotoCard.swift in Sources */,
				BEEC2BE12F0A3AB10094EFAE /* HMMediumPhotoList.swift in Sources */,
				BEEC2BE22F0A3AB10094EFAE /* HMSmallPhotoCard.swift in Sources */,
				BEEC2BE32F0A3AB10094EFAE /* HMSmallPhotoList.swift in Sources */,
				BE9482202F0E11C400DA29B9 /* PartnerlView.swift in Sources */,
				BEEC2BE52F0A3C420094EFAE /* HomeViewModel.swift in Sources */,
				2F435EA92D4FC19C005E1C84 /* Text+.swift in Sources */,
				BE9482222F0E11CE00DA29B9 /* PartnerViewModel.swift in Sources */,
				BE2D70CA2D818710002FA07C /* NetworkManager.swift in Sources */,
				BE25DD032D79C840006B819E /* Bundle+.swift in Sources */,
				BEBCC8242F0A543B0015CB4F /* HM.swift in Sources */,
				BEECD2B92EC2FD9E00D178C5 /* Event.swift in Sources */,
				BE4F9B202D58FCB400E7CC46 /* Univ+.swift in Sources */,
				2F435EA22D4FBF35005E1C84 /* Colors.swift in Sources */,
				BECBD5662EFBD16F005E234B /* SupabaseService.swift in Sources */,
				BE8BE19C2EFBDF3F00A75736 /* ScreenModel.swift in Sources */,
				2FA0978D2D427FC900D01792 /* hongmumuk_SwiftUIApp.swift in Sources */,
				2FC2DF872E2BAA8B0052515C /* Badge.swift in Sources */,
				2F435EA42D4FBF5A005E1C84 /* View+.swift in Sources */,
				2F68B49D2D70D09A00548850 /* CommonTextfieldStyle.swift in Sources */,
				BE79E7752D61BCC9002D57D8 /* Double+.swift in Sources */,
				2F435E9E2D4FBC05005E1C84 /* Color+.swift in Sources */,
				BECBD5682EFBD645005E234B /* HomeModel.swift in Sources */,
				BE25DCFF2D79C283006B819E /* ProfileSet.swift in Sources */,
			);
			runOnlyForDeploymentPostprocessing = 0;
		};
		BEFB83A52D3D35A1000D9537 /* Sources */ = {
			isa = PBXSourcesBuildPhase;
			buildActionMask = 2147483647;
			files = (
				2FA097852D427FC400D01792 /* hongmumuk_SwiftUITests.swift in Sources */,
			);
			runOnlyForDeploymentPostprocessing = 0;
		};
		BEFB83AF2D3D35A1000D9537 /* Sources */ = {
			isa = PBXSourcesBuildPhase;
			buildActionMask = 2147483647;
			files = (
				2FA097932D427FCF00D01792 /* hongmumuk_SwiftUIUITests.swift in Sources */,
				2FA097942D427FCF00D01792 /* hongmumuk_SwiftUIUITestsLaunchTests.swift in Sources */,
			);
			runOnlyForDeploymentPostprocessing = 0;
		};
/* End PBXSourcesBuildPhase section */

/* Begin PBXTargetDependency section */
		BEFB83AB2D3D35A1000D9537 /* PBXTargetDependency */ = {
			isa = PBXTargetDependency;
			target = BEFB83982D3D359F000D9537 /* hongmumuk_SwiftUI */;
			targetProxy = BEFB83AA2D3D35A1000D9537 /* PBXContainerItemProxy */;
		};
		BEFB83B52D3D35A1000D9537 /* PBXTargetDependency */ = {
			isa = PBXTargetDependency;
			target = BEFB83982D3D359F000D9537 /* hongmumuk_SwiftUI */;
			targetProxy = BEFB83B42D3D35A1000D9537 /* PBXContainerItemProxy */;
		};
/* End PBXTargetDependency section */

/* Begin PBXVariantGroup section */
		BE5B13162DA917C300EEC23D /* Localizable.strings */ = {
			isa = PBXVariantGroup;
			children = (
				BE5B13172DA917C300EEC23D /* en */,
				BE5B131A2DA917CC00EEC23D /* ko */,
				BE941F852DAE3F5D00C80FA2 /* zh-Hans */,
			);
			name = Localizable.strings;
			sourceTree = "<group>";
		};
/* End PBXVariantGroup section */

/* Begin XCBuildConfiguration section */
		BEFB83BB2D3D35A1000D9537 /* Debug(dev) */ = {
			isa = XCBuildConfiguration;
			baseConfigurationReference = 2FA097C62D42A11000D01792 /* dev.xcconfig */;
			buildSettings = {
				ALWAYS_SEARCH_USER_PATHS = NO;
				ASSETCATALOG_COMPILER_GENERATE_SWIFT_ASSET_SYMBOL_EXTENSIONS = YES;
				CLANG_ANALYZER_NONNULL = YES;
				CLANG_ANALYZER_NUMBER_OBJECT_CONVERSION = YES_AGGRESSIVE;
				CLANG_CXX_LANGUAGE_STANDARD = "gnu++20";
				CLANG_ENABLE_MODULES = YES;
				CLANG_ENABLE_OBJC_ARC = YES;
				CLANG_ENABLE_OBJC_WEAK = YES;
				CLANG_WARN_BLOCK_CAPTURE_AUTORELEASING = YES;
				CLANG_WARN_BOOL_CONVERSION = YES;
				CLANG_WARN_COMMA = YES;
				CLANG_WARN_CONSTANT_CONVERSION = YES;
				CLANG_WARN_DEPRECATED_OBJC_IMPLEMENTATIONS = YES;
				CLANG_WARN_DIRECT_OBJC_ISA_USAGE = YES_ERROR;
				CLANG_WARN_DOCUMENTATION_COMMENTS = YES;
				CLANG_WARN_EMPTY_BODY = YES;
				CLANG_WARN_ENUM_CONVERSION = YES;
				CLANG_WARN_INFINITE_RECURSION = YES;
				CLANG_WARN_INT_CONVERSION = YES;
				CLANG_WARN_NON_LITERAL_NULL_CONVERSION = YES;
				CLANG_WARN_OBJC_IMPLICIT_RETAIN_SELF = YES;
				CLANG_WARN_OBJC_LITERAL_CONVERSION = YES;
				CLANG_WARN_OBJC_ROOT_CLASS = YES_ERROR;
				CLANG_WARN_QUOTED_INCLUDE_IN_FRAMEWORK_HEADER = YES;
				CLANG_WARN_RANGE_LOOP_ANALYSIS = YES;
				CLANG_WARN_STRICT_PROTOTYPES = YES;
				CLANG_WARN_SUSPICIOUS_MOVE = YES;
				CLANG_WARN_UNGUARDED_AVAILABILITY = YES_AGGRESSIVE;
				CLANG_WARN_UNREACHABLE_CODE = YES;
				CLANG_WARN__DUPLICATE_METHOD_MATCH = YES;
				COPY_PHASE_STRIP = NO;
				DEBUG_INFORMATION_FORMAT = dwarf;
				ENABLE_STRICT_OBJC_MSGSEND = YES;
				ENABLE_TESTABILITY = YES;
				ENABLE_USER_SCRIPT_SANDBOXING = YES;
				GCC_C_LANGUAGE_STANDARD = gnu17;
				GCC_DYNAMIC_NO_PIC = NO;
				GCC_NO_COMMON_BLOCKS = YES;
				GCC_OPTIMIZATION_LEVEL = 0;
				GCC_PREPROCESSOR_DEFINITIONS = (
					"DEBUG=1",
					"$(inherited)",
				);
				GCC_WARN_64_TO_32_BIT_CONVERSION = YES;
				GCC_WARN_ABOUT_RETURN_TYPE = YES_ERROR;
				GCC_WARN_UNDECLARED_SELECTOR = YES;
				GCC_WARN_UNINITIALIZED_AUTOS = YES_AGGRESSIVE;
				GCC_WARN_UNUSED_FUNCTION = YES;
				GCC_WARN_UNUSED_VARIABLE = YES;
				IPHONEOS_DEPLOYMENT_TARGET = 18.2;
				LOCALIZATION_PREFERS_STRING_CATALOGS = YES;
				MTL_ENABLE_DEBUG_INFO = INCLUDE_SOURCE;
				MTL_FAST_MATH = YES;
				ONLY_ACTIVE_ARCH = YES;
				SDKROOT = iphoneos;
				SWIFT_ACTIVE_COMPILATION_CONDITIONS = "DEBUG $(inherited)";
				SWIFT_EMIT_LOC_STRINGS = YES;
				SWIFT_OPTIMIZATION_LEVEL = "-Onone";
			};
			name = "Debug(dev)";
		};
		BEFB83BC2D3D35A1000D9537 /* Release(dev) */ = {
			isa = XCBuildConfiguration;
			baseConfigurationReference = 2FA097C62D42A11000D01792 /* dev.xcconfig */;
			buildSettings = {
				ALWAYS_SEARCH_USER_PATHS = NO;
				ASSETCATALOG_COMPILER_GENERATE_SWIFT_ASSET_SYMBOL_EXTENSIONS = YES;
				CLANG_ANALYZER_NONNULL = YES;
				CLANG_ANALYZER_NUMBER_OBJECT_CONVERSION = YES_AGGRESSIVE;
				CLANG_CXX_LANGUAGE_STANDARD = "gnu++20";
				CLANG_ENABLE_MODULES = YES;
				CLANG_ENABLE_OBJC_ARC = YES;
				CLANG_ENABLE_OBJC_WEAK = YES;
				CLANG_WARN_BLOCK_CAPTURE_AUTORELEASING = YES;
				CLANG_WARN_BOOL_CONVERSION = YES;
				CLANG_WARN_COMMA = YES;
				CLANG_WARN_CONSTANT_CONVERSION = YES;
				CLANG_WARN_DEPRECATED_OBJC_IMPLEMENTATIONS = YES;
				CLANG_WARN_DIRECT_OBJC_ISA_USAGE = YES_ERROR;
				CLANG_WARN_DOCUMENTATION_COMMENTS = YES;
				CLANG_WARN_EMPTY_BODY = YES;
				CLANG_WARN_ENUM_CONVERSION = YES;
				CLANG_WARN_INFINITE_RECURSION = YES;
				CLANG_WARN_INT_CONVERSION = YES;
				CLANG_WARN_NON_LITERAL_NULL_CONVERSION = YES;
				CLANG_WARN_OBJC_IMPLICIT_RETAIN_SELF = YES;
				CLANG_WARN_OBJC_LITERAL_CONVERSION = YES;
				CLANG_WARN_OBJC_ROOT_CLASS = YES_ERROR;
				CLANG_WARN_QUOTED_INCLUDE_IN_FRAMEWORK_HEADER = YES;
				CLANG_WARN_RANGE_LOOP_ANALYSIS = YES;
				CLANG_WARN_STRICT_PROTOTYPES = YES;
				CLANG_WARN_SUSPICIOUS_MOVE = YES;
				CLANG_WARN_UNGUARDED_AVAILABILITY = YES_AGGRESSIVE;
				CLANG_WARN_UNREACHABLE_CODE = YES;
				CLANG_WARN__DUPLICATE_METHOD_MATCH = YES;
				COPY_PHASE_STRIP = NO;
				DEBUG_INFORMATION_FORMAT = "dwarf-with-dsym";
				ENABLE_NS_ASSERTIONS = NO;
				ENABLE_STRICT_OBJC_MSGSEND = YES;
				ENABLE_USER_SCRIPT_SANDBOXING = YES;
				GCC_C_LANGUAGE_STANDARD = gnu17;
				GCC_NO_COMMON_BLOCKS = YES;
				GCC_WARN_64_TO_32_BIT_CONVERSION = YES;
				GCC_WARN_ABOUT_RETURN_TYPE = YES_ERROR;
				GCC_WARN_UNDECLARED_SELECTOR = YES;
				GCC_WARN_UNINITIALIZED_AUTOS = YES_AGGRESSIVE;
				GCC_WARN_UNUSED_FUNCTION = YES;
				GCC_WARN_UNUSED_VARIABLE = YES;
				IPHONEOS_DEPLOYMENT_TARGET = 18.2;
				LOCALIZATION_PREFERS_STRING_CATALOGS = YES;
				MTL_ENABLE_DEBUG_INFO = NO;
				MTL_FAST_MATH = YES;
				SDKROOT = iphoneos;
				SWIFT_COMPILATION_MODE = wholemodule;
				SWIFT_EMIT_LOC_STRINGS = YES;
				VALIDATE_PRODUCT = YES;
			};
			name = "Release(dev)";
		};
		BEFB83BE2D3D35A1000D9537 /* Debug(dev) */ = {
			isa = XCBuildConfiguration;
			buildSettings = {
				ASSETCATALOG_COMPILER_APPICON_NAME = AppIcon_dev;
				ASSETCATALOG_COMPILER_GLOBAL_ACCENT_COLOR_NAME = AccentColor;
				CODE_SIGN_IDENTITY = "Apple Development";
				CODE_SIGN_STYLE = Automatic;
				CURRENT_PROJECT_VERSION = 35;
				DEVELOPMENT_ASSET_PATHS = "\"hongmumuk_SwiftUI/Preview Content\"";
				DEVELOPMENT_TEAM = 7HDHR2SNR7;
				ENABLE_APP_SANDBOX = NO;
				ENABLE_PREVIEWS = YES;
				ENABLE_USER_SCRIPT_SANDBOXING = NO;
				GENERATE_INFOPLIST_FILE = YES;
				INFOPLIST_FILE = "hongmumuk-SwiftUI-Info.plist";
				INFOPLIST_KEY_CFBundleDisplayName = "홍무묵_dev";
				INFOPLIST_KEY_ITSAppUsesNonExemptEncryption = NO;
				INFOPLIST_KEY_NSUserTrackingUsageDescription = "당신의 광고 경험을 개선하기 위해 앱 활동을 추적합니다.";
				INFOPLIST_KEY_UIApplicationSceneManifest_Generation = YES;
				INFOPLIST_KEY_UIApplicationSupportsIndirectInputEvents = YES;
				INFOPLIST_KEY_UILaunchScreen_Generation = YES;
				INFOPLIST_KEY_UISupportedInterfaceOrientations = UIInterfaceOrientationPortrait;
				INFOPLIST_KEY_UISupportedInterfaceOrientations_iPad = "UIInterfaceOrientationLandscapeLeft UIInterfaceOrientationLandscapeRight UIInterfaceOrientationPortraitUpsideDown";
				INFOPLIST_KEY_UIUserInterfaceStyle = Light;
				IPHONEOS_DEPLOYMENT_TARGET = 17.0;
				LD_RUNPATH_SEARCH_PATHS = (
					"$(inherited)",
					"@executable_path/Frameworks",
				);
				MARKETING_VERSION = 2.0.7;
				PRODUCT_BUNDLE_IDENTIFIER = "$(APP_BUNDLE_ID)";
				PRODUCT_NAME = "$(TARGET_NAME)";
				PROVISIONING_PROFILE_SPECIFIER = "";
				SUPPORTED_PLATFORMS = "iphoneos iphonesimulator";
				SUPPORTS_MACCATALYST = NO;
				SUPPORTS_MAC_DESIGNED_FOR_IPHONE_IPAD = NO;
				SUPPORTS_XR_DESIGNED_FOR_IPHONE_IPAD = NO;
				SWIFT_EMIT_LOC_STRINGS = YES;
				SWIFT_VERSION = 5.0;
				TARGETED_DEVICE_FAMILY = 1;
			};
			name = "Debug(dev)";
		};
		BEFB83BF2D3D35A1000D9537 /* Release(dev) */ = {
			isa = XCBuildConfiguration;
			buildSettings = {
				ASSETCATALOG_COMPILER_APPICON_NAME = AppIcon_dev;
				ASSETCATALOG_COMPILER_GLOBAL_ACCENT_COLOR_NAME = AccentColor;
				CODE_SIGN_IDENTITY = "Apple Development";
				CODE_SIGN_STYLE = Automatic;
				CURRENT_PROJECT_VERSION = 35;
				DEVELOPMENT_ASSET_PATHS = "\"hongmumuk_SwiftUI/Preview Content\"";
				DEVELOPMENT_TEAM = 7HDHR2SNR7;
				ENABLE_APP_SANDBOX = NO;
				ENABLE_PREVIEWS = YES;
				ENABLE_USER_SCRIPT_SANDBOXING = NO;
				GENERATE_INFOPLIST_FILE = YES;
				INFOPLIST_FILE = "hongmumuk-SwiftUI-Info.plist";
				INFOPLIST_KEY_CFBundleDisplayName = "홍무묵_dev";
				INFOPLIST_KEY_ITSAppUsesNonExemptEncryption = NO;
				INFOPLIST_KEY_NSUserTrackingUsageDescription = "당신의 광고 경험을 개선하기 위해 앱 활동을 추적합니다.";
				INFOPLIST_KEY_UIApplicationSceneManifest_Generation = YES;
				INFOPLIST_KEY_UIApplicationSupportsIndirectInputEvents = YES;
				INFOPLIST_KEY_UILaunchScreen_Generation = YES;
				INFOPLIST_KEY_UISupportedInterfaceOrientations = UIInterfaceOrientationPortrait;
				INFOPLIST_KEY_UISupportedInterfaceOrientations_iPad = "UIInterfaceOrientationLandscapeLeft UIInterfaceOrientationLandscapeRight UIInterfaceOrientationPortraitUpsideDown";
				INFOPLIST_KEY_UIUserInterfaceStyle = Light;
				IPHONEOS_DEPLOYMENT_TARGET = 17.0;
				LD_RUNPATH_SEARCH_PATHS = (
					"$(inherited)",
					"@executable_path/Frameworks",
				);
				MARKETING_VERSION = 2.0.7;
				PRODUCT_BUNDLE_IDENTIFIER = "$(APP_BUNDLE_ID)";
				PRODUCT_NAME = "$(TARGET_NAME)";
				PROVISIONING_PROFILE_SPECIFIER = "";
				SUPPORTED_PLATFORMS = "iphoneos iphonesimulator";
				SUPPORTS_MACCATALYST = NO;
				SUPPORTS_MAC_DESIGNED_FOR_IPHONE_IPAD = NO;
				SUPPORTS_XR_DESIGNED_FOR_IPHONE_IPAD = NO;
				SWIFT_EMIT_LOC_STRINGS = YES;
				SWIFT_VERSION = 5.0;
				TARGETED_DEVICE_FAMILY = 1;
			};
			name = "Release(dev)";
		};
		BEFB83C12D3D35A1000D9537 /* Debug(dev) */ = {
			isa = XCBuildConfiguration;
			buildSettings = {
				BUNDLE_LOADER = "$(TEST_HOST)";
				CODE_SIGN_STYLE = Automatic;
				CURRENT_PROJECT_VERSION = 35;
				DEVELOPMENT_TEAM = 7HDHR2SNR7;
				GENERATE_INFOPLIST_FILE = YES;
				IPHONEOS_DEPLOYMENT_TARGET = 18.2;
				MARKETING_VERSION = 1.0;
				PRODUCT_BUNDLE_IDENTIFIER = "com.hongmumuk-SwiftUITests";
				PRODUCT_NAME = "$(TARGET_NAME)";
				SWIFT_EMIT_LOC_STRINGS = NO;
				SWIFT_VERSION = 5.0;
				TARGETED_DEVICE_FAMILY = "1,2";
				TEST_HOST = "$(BUILT_PRODUCTS_DIR)/hongmumuk_SwiftUI.app/$(BUNDLE_EXECUTABLE_FOLDER_PATH)/hongmumuk_SwiftUI";
			};
			name = "Debug(dev)";
		};
		BEFB83C22D3D35A1000D9537 /* Release(dev) */ = {
			isa = XCBuildConfiguration;
			buildSettings = {
				BUNDLE_LOADER = "$(TEST_HOST)";
				CODE_SIGN_STYLE = Automatic;
				CURRENT_PROJECT_VERSION = 35;
				DEVELOPMENT_TEAM = 7HDHR2SNR7;
				GENERATE_INFOPLIST_FILE = YES;
				IPHONEOS_DEPLOYMENT_TARGET = 18.2;
				MARKETING_VERSION = 1.0;
				PRODUCT_BUNDLE_IDENTIFIER = "com.hongmumuk-SwiftUITests";
				PRODUCT_NAME = "$(TARGET_NAME)";
				SWIFT_EMIT_LOC_STRINGS = NO;
				SWIFT_VERSION = 5.0;
				TARGETED_DEVICE_FAMILY = "1,2";
				TEST_HOST = "$(BUILT_PRODUCTS_DIR)/hongmumuk_SwiftUI.app/$(BUNDLE_EXECUTABLE_FOLDER_PATH)/hongmumuk_SwiftUI";
			};
			name = "Release(dev)";
		};
		BEFB83C42D3D35A1000D9537 /* Debug(dev) */ = {
			isa = XCBuildConfiguration;
			buildSettings = {
				CODE_SIGN_STYLE = Automatic;
				CURRENT_PROJECT_VERSION = 35;
				DEVELOPMENT_TEAM = 7HDHR2SNR7;
				GENERATE_INFOPLIST_FILE = YES;
				MARKETING_VERSION = 1.0;
				PRODUCT_BUNDLE_IDENTIFIER = "com.hongmumuk-SwiftUIUITests";
				PRODUCT_NAME = "$(TARGET_NAME)";
				SWIFT_EMIT_LOC_STRINGS = NO;
				SWIFT_VERSION = 5.0;
				TARGETED_DEVICE_FAMILY = "1,2";
				TEST_TARGET_NAME = hongmumuk_SwiftUI;
			};
			name = "Debug(dev)";
		};
		BEFB83C52D3D35A1000D9537 /* Release(dev) */ = {
			isa = XCBuildConfiguration;
			buildSettings = {
				CODE_SIGN_STYLE = Automatic;
				CURRENT_PROJECT_VERSION = 35;
				DEVELOPMENT_TEAM = 7HDHR2SNR7;
				GENERATE_INFOPLIST_FILE = YES;
				MARKETING_VERSION = 1.0;
				PRODUCT_BUNDLE_IDENTIFIER = "com.hongmumuk-SwiftUIUITests";
				PRODUCT_NAME = "$(TARGET_NAME)";
				SWIFT_EMIT_LOC_STRINGS = NO;
				SWIFT_VERSION = 5.0;
				TARGETED_DEVICE_FAMILY = "1,2";
				TEST_TARGET_NAME = hongmumuk_SwiftUI;
			};
			name = "Release(dev)";
		};
		BEFB83DC2D3D37A1000D9537 /* Debug(prod) */ = {
			isa = XCBuildConfiguration;
			baseConfigurationReference = 2FA097C72D42A11000D01792 /* prod.xcconfig */;
			buildSettings = {
				ALWAYS_SEARCH_USER_PATHS = NO;
				ASSETCATALOG_COMPILER_GENERATE_SWIFT_ASSET_SYMBOL_EXTENSIONS = YES;
				CLANG_ANALYZER_NONNULL = YES;
				CLANG_ANALYZER_NUMBER_OBJECT_CONVERSION = YES_AGGRESSIVE;
				CLANG_CXX_LANGUAGE_STANDARD = "gnu++20";
				CLANG_ENABLE_MODULES = YES;
				CLANG_ENABLE_OBJC_ARC = YES;
				CLANG_ENABLE_OBJC_WEAK = YES;
				CLANG_WARN_BLOCK_CAPTURE_AUTORELEASING = YES;
				CLANG_WARN_BOOL_CONVERSION = YES;
				CLANG_WARN_COMMA = YES;
				CLANG_WARN_CONSTANT_CONVERSION = YES;
				CLANG_WARN_DEPRECATED_OBJC_IMPLEMENTATIONS = YES;
				CLANG_WARN_DIRECT_OBJC_ISA_USAGE = YES_ERROR;
				CLANG_WARN_DOCUMENTATION_COMMENTS = YES;
				CLANG_WARN_EMPTY_BODY = YES;
				CLANG_WARN_ENUM_CONVERSION = YES;
				CLANG_WARN_INFINITE_RECURSION = YES;
				CLANG_WARN_INT_CONVERSION = YES;
				CLANG_WARN_NON_LITERAL_NULL_CONVERSION = YES;
				CLANG_WARN_OBJC_IMPLICIT_RETAIN_SELF = YES;
				CLANG_WARN_OBJC_LITERAL_CONVERSION = YES;
				CLANG_WARN_OBJC_ROOT_CLASS = YES_ERROR;
				CLANG_WARN_QUOTED_INCLUDE_IN_FRAMEWORK_HEADER = YES;
				CLANG_WARN_RANGE_LOOP_ANALYSIS = YES;
				CLANG_WARN_STRICT_PROTOTYPES = YES;
				CLANG_WARN_SUSPICIOUS_MOVE = YES;
				CLANG_WARN_UNGUARDED_AVAILABILITY = YES_AGGRESSIVE;
				CLANG_WARN_UNREACHABLE_CODE = YES;
				CLANG_WARN__DUPLICATE_METHOD_MATCH = YES;
				COPY_PHASE_STRIP = NO;
				DEBUG_INFORMATION_FORMAT = dwarf;
				ENABLE_STRICT_OBJC_MSGSEND = YES;
				ENABLE_TESTABILITY = YES;
				ENABLE_USER_SCRIPT_SANDBOXING = YES;
				GCC_C_LANGUAGE_STANDARD = gnu17;
				GCC_DYNAMIC_NO_PIC = NO;
				GCC_NO_COMMON_BLOCKS = YES;
				GCC_OPTIMIZATION_LEVEL = 0;
				GCC_PREPROCESSOR_DEFINITIONS = (
					"DEBUG=1",
					"$(inherited)",
				);
				GCC_WARN_64_TO_32_BIT_CONVERSION = YES;
				GCC_WARN_ABOUT_RETURN_TYPE = YES_ERROR;
				GCC_WARN_UNDECLARED_SELECTOR = YES;
				GCC_WARN_UNINITIALIZED_AUTOS = YES_AGGRESSIVE;
				GCC_WARN_UNUSED_FUNCTION = YES;
				GCC_WARN_UNUSED_VARIABLE = YES;
				IPHONEOS_DEPLOYMENT_TARGET = 18.2;
				LOCALIZATION_PREFERS_STRING_CATALOGS = YES;
				MTL_ENABLE_DEBUG_INFO = INCLUDE_SOURCE;
				MTL_FAST_MATH = YES;
				ONLY_ACTIVE_ARCH = YES;
				SDKROOT = iphoneos;
				SWIFT_ACTIVE_COMPILATION_CONDITIONS = "DEBUG $(inherited)";
				SWIFT_EMIT_LOC_STRINGS = YES;
				SWIFT_OPTIMIZATION_LEVEL = "-Onone";
			};
			name = "Debug(prod)";
		};
		BEFB83DD2D3D37A1000D9537 /* Debug(prod) */ = {
			isa = XCBuildConfiguration;
			buildSettings = {
				ASSETCATALOG_COMPILER_APPICON_NAME = AppIcon;
				ASSETCATALOG_COMPILER_GLOBAL_ACCENT_COLOR_NAME = AccentColor;
				CODE_SIGN_IDENTITY = "Apple Development";
				"CODE_SIGN_IDENTITY[sdk=iphoneos*]" = "iPhone Developer";
				CODE_SIGN_STYLE = Manual;
				CURRENT_PROJECT_VERSION = 35;
				DEVELOPMENT_ASSET_PATHS = "\"hongmumuk_SwiftUI/Preview Content\"";
				DEVELOPMENT_TEAM = "";
				"DEVELOPMENT_TEAM[sdk=iphoneos*]" = RC5FY8NJN7;
				ENABLE_APP_SANDBOX = NO;
				ENABLE_PREVIEWS = YES;
				ENABLE_USER_SCRIPT_SANDBOXING = NO;
				GENERATE_INFOPLIST_FILE = YES;
				INFOPLIST_FILE = "hongmumuk-SwiftUI-Info.plist";
				INFOPLIST_KEY_CFBundleDisplayName = "홍무묵_dev";
				INFOPLIST_KEY_ITSAppUsesNonExemptEncryption = NO;
				INFOPLIST_KEY_NSUserTrackingUsageDescription = "당신의 광고 경험을 개선하기 위해 앱 활동을 추적합니다.";
				INFOPLIST_KEY_UIApplicationSceneManifest_Generation = YES;
				INFOPLIST_KEY_UIApplicationSupportsIndirectInputEvents = YES;
				INFOPLIST_KEY_UILaunchScreen_Generation = YES;
				INFOPLIST_KEY_UISupportedInterfaceOrientations = UIInterfaceOrientationPortrait;
				INFOPLIST_KEY_UISupportedInterfaceOrientations_iPad = "UIInterfaceOrientationLandscapeLeft UIInterfaceOrientationLandscapeRight UIInterfaceOrientationPortraitUpsideDown";
				INFOPLIST_KEY_UIUserInterfaceStyle = Light;
				IPHONEOS_DEPLOYMENT_TARGET = 17.0;
				LD_RUNPATH_SEARCH_PATHS = (
					"$(inherited)",
					"@executable_path/Frameworks",
				);
				MARKETING_VERSION = 2.0.7;
				PRODUCT_BUNDLE_IDENTIFIER = "$(APP_BUNDLE_ID)";
				PRODUCT_NAME = "$(TARGET_NAME)";
				PROVISIONING_PROFILE_SPECIFIER = "";
				"PROVISIONING_PROFILE_SPECIFIER[sdk=iphoneos*]" = "Seyoung Profile";
				SUPPORTED_PLATFORMS = "iphoneos iphonesimulator";
				SUPPORTS_MACCATALYST = NO;
				SUPPORTS_MAC_DESIGNED_FOR_IPHONE_IPAD = NO;
				SUPPORTS_XR_DESIGNED_FOR_IPHONE_IPAD = NO;
				SWIFT_EMIT_LOC_STRINGS = YES;
				SWIFT_VERSION = 5.0;
				TARGETED_DEVICE_FAMILY = 1;
			};
			name = "Debug(prod)";
		};
		BEFB83DE2D3D37A1000D9537 /* Debug(prod) */ = {
			isa = XCBuildConfiguration;
			buildSettings = {
				BUNDLE_LOADER = "$(TEST_HOST)";
				CODE_SIGN_STYLE = Automatic;
				CURRENT_PROJECT_VERSION = 35;
				DEVELOPMENT_TEAM = 7HDHR2SNR7;
				GENERATE_INFOPLIST_FILE = YES;
				IPHONEOS_DEPLOYMENT_TARGET = 18.2;
				MARKETING_VERSION = 1.0;
				PRODUCT_BUNDLE_IDENTIFIER = "com.hongmumuk-SwiftUITests";
				PRODUCT_NAME = "$(TARGET_NAME)";
				SWIFT_EMIT_LOC_STRINGS = NO;
				SWIFT_VERSION = 5.0;
				TARGETED_DEVICE_FAMILY = "1,2";
				TEST_HOST = "$(BUILT_PRODUCTS_DIR)/hongmumuk_SwiftUI.app/$(BUNDLE_EXECUTABLE_FOLDER_PATH)/hongmumuk_SwiftUI";
			};
			name = "Debug(prod)";
		};
		BEFB83DF2D3D37A1000D9537 /* Debug(prod) */ = {
			isa = XCBuildConfiguration;
			buildSettings = {
				CODE_SIGN_STYLE = Automatic;
				CURRENT_PROJECT_VERSION = 35;
				DEVELOPMENT_TEAM = 7HDHR2SNR7;
				GENERATE_INFOPLIST_FILE = YES;
				MARKETING_VERSION = 1.0;
				PRODUCT_BUNDLE_IDENTIFIER = "com.hongmumuk-SwiftUIUITests";
				PRODUCT_NAME = "$(TARGET_NAME)";
				SWIFT_EMIT_LOC_STRINGS = NO;
				SWIFT_VERSION = 5.0;
				TARGETED_DEVICE_FAMILY = "1,2";
				TEST_TARGET_NAME = hongmumuk_SwiftUI;
			};
			name = "Debug(prod)";
		};
		BEFB83E02D3D37A2000D9537 /* Debug(stag) */ = {
			isa = XCBuildConfiguration;
			baseConfigurationReference = 2FA097C82D42A11000D01792 /* stag.xcconfig */;
			buildSettings = {
				ALWAYS_SEARCH_USER_PATHS = NO;
				ASSETCATALOG_COMPILER_GENERATE_SWIFT_ASSET_SYMBOL_EXTENSIONS = YES;
				CLANG_ANALYZER_NONNULL = YES;
				CLANG_ANALYZER_NUMBER_OBJECT_CONVERSION = YES_AGGRESSIVE;
				CLANG_CXX_LANGUAGE_STANDARD = "gnu++20";
				CLANG_ENABLE_MODULES = YES;
				CLANG_ENABLE_OBJC_ARC = YES;
				CLANG_ENABLE_OBJC_WEAK = YES;
				CLANG_WARN_BLOCK_CAPTURE_AUTORELEASING = YES;
				CLANG_WARN_BOOL_CONVERSION = YES;
				CLANG_WARN_COMMA = YES;
				CLANG_WARN_CONSTANT_CONVERSION = YES;
				CLANG_WARN_DEPRECATED_OBJC_IMPLEMENTATIONS = YES;
				CLANG_WARN_DIRECT_OBJC_ISA_USAGE = YES_ERROR;
				CLANG_WARN_DOCUMENTATION_COMMENTS = YES;
				CLANG_WARN_EMPTY_BODY = YES;
				CLANG_WARN_ENUM_CONVERSION = YES;
				CLANG_WARN_INFINITE_RECURSION = YES;
				CLANG_WARN_INT_CONVERSION = YES;
				CLANG_WARN_NON_LITERAL_NULL_CONVERSION = YES;
				CLANG_WARN_OBJC_IMPLICIT_RETAIN_SELF = YES;
				CLANG_WARN_OBJC_LITERAL_CONVERSION = YES;
				CLANG_WARN_OBJC_ROOT_CLASS = YES_ERROR;
				CLANG_WARN_QUOTED_INCLUDE_IN_FRAMEWORK_HEADER = YES;
				CLANG_WARN_RANGE_LOOP_ANALYSIS = YES;
				CLANG_WARN_STRICT_PROTOTYPES = YES;
				CLANG_WARN_SUSPICIOUS_MOVE = YES;
				CLANG_WARN_UNGUARDED_AVAILABILITY = YES_AGGRESSIVE;
				CLANG_WARN_UNREACHABLE_CODE = YES;
				CLANG_WARN__DUPLICATE_METHOD_MATCH = YES;
				COPY_PHASE_STRIP = NO;
				DEBUG_INFORMATION_FORMAT = dwarf;
				ENABLE_STRICT_OBJC_MSGSEND = YES;
				ENABLE_TESTABILITY = YES;
				ENABLE_USER_SCRIPT_SANDBOXING = YES;
				GCC_C_LANGUAGE_STANDARD = gnu17;
				GCC_DYNAMIC_NO_PIC = NO;
				GCC_NO_COMMON_BLOCKS = YES;
				GCC_OPTIMIZATION_LEVEL = 0;
				GCC_PREPROCESSOR_DEFINITIONS = (
					"DEBUG=1",
					"$(inherited)",
				);
				GCC_WARN_64_TO_32_BIT_CONVERSION = YES;
				GCC_WARN_ABOUT_RETURN_TYPE = YES_ERROR;
				GCC_WARN_UNDECLARED_SELECTOR = YES;
				GCC_WARN_UNINITIALIZED_AUTOS = YES_AGGRESSIVE;
				GCC_WARN_UNUSED_FUNCTION = YES;
				GCC_WARN_UNUSED_VARIABLE = YES;
				IPHONEOS_DEPLOYMENT_TARGET = 18.2;
				LOCALIZATION_PREFERS_STRING_CATALOGS = YES;
				MTL_ENABLE_DEBUG_INFO = INCLUDE_SOURCE;
				MTL_FAST_MATH = YES;
				ONLY_ACTIVE_ARCH = YES;
				SDKROOT = iphoneos;
				SWIFT_ACTIVE_COMPILATION_CONDITIONS = "DEBUG $(inherited)";
				SWIFT_EMIT_LOC_STRINGS = YES;
				SWIFT_OPTIMIZATION_LEVEL = "-Onone";
			};
			name = "Debug(stag)";
		};
		BEFB83E12D3D37A2000D9537 /* Debug(stag) */ = {
			isa = XCBuildConfiguration;
			buildSettings = {
				ASSETCATALOG_COMPILER_APPICON_NAME = AppIcon_stag;
				ASSETCATALOG_COMPILER_GLOBAL_ACCENT_COLOR_NAME = AccentColor;
				CODE_SIGN_IDENTITY = "Apple Development";
				CODE_SIGN_STYLE = Automatic;
				CURRENT_PROJECT_VERSION = 35;
				DEVELOPMENT_ASSET_PATHS = "\"hongmumuk_SwiftUI/Preview Content\"";
				DEVELOPMENT_TEAM = "";
				ENABLE_APP_SANDBOX = NO;
				ENABLE_PREVIEWS = YES;
				ENABLE_USER_SCRIPT_SANDBOXING = NO;
				GENERATE_INFOPLIST_FILE = YES;
				INFOPLIST_FILE = "hongmumuk-SwiftUI-Info.plist";
				INFOPLIST_KEY_CFBundleDisplayName = "홍무묵_dev";
				INFOPLIST_KEY_ITSAppUsesNonExemptEncryption = NO;
				INFOPLIST_KEY_NSUserTrackingUsageDescription = "당신의 광고 경험을 개선하기 위해 앱 활동을 추적합니다.";
				INFOPLIST_KEY_UIApplicationSceneManifest_Generation = YES;
				INFOPLIST_KEY_UIApplicationSupportsIndirectInputEvents = YES;
				INFOPLIST_KEY_UILaunchScreen_Generation = YES;
				INFOPLIST_KEY_UISupportedInterfaceOrientations = UIInterfaceOrientationPortrait;
				INFOPLIST_KEY_UISupportedInterfaceOrientations_iPad = "UIInterfaceOrientationLandscapeLeft UIInterfaceOrientationLandscapeRight UIInterfaceOrientationPortraitUpsideDown";
				INFOPLIST_KEY_UIUserInterfaceStyle = Light;
				IPHONEOS_DEPLOYMENT_TARGET = 17.0;
				LD_RUNPATH_SEARCH_PATHS = (
					"$(inherited)",
					"@executable_path/Frameworks",
				);
				MARKETING_VERSION = 2.0.7;
				PRODUCT_BUNDLE_IDENTIFIER = "$(APP_BUNDLE_ID)";
				PRODUCT_NAME = "$(TARGET_NAME)";
				PROVISIONING_PROFILE_SPECIFIER = "";
				SUPPORTED_PLATFORMS = "iphoneos iphonesimulator";
				SUPPORTS_MACCATALYST = NO;
				SUPPORTS_MAC_DESIGNED_FOR_IPHONE_IPAD = NO;
				SUPPORTS_XR_DESIGNED_FOR_IPHONE_IPAD = NO;
				SWIFT_EMIT_LOC_STRINGS = YES;
				SWIFT_VERSION = 5.0;
				TARGETED_DEVICE_FAMILY = 1;
			};
			name = "Debug(stag)";
		};
		BEFB83E22D3D37A2000D9537 /* Debug(stag) */ = {
			isa = XCBuildConfiguration;
			buildSettings = {
				BUNDLE_LOADER = "$(TEST_HOST)";
				CODE_SIGN_STYLE = Automatic;
				CURRENT_PROJECT_VERSION = 35;
				DEVELOPMENT_TEAM = 7HDHR2SNR7;
				GENERATE_INFOPLIST_FILE = YES;
				IPHONEOS_DEPLOYMENT_TARGET = 18.2;
				MARKETING_VERSION = 1.0;
				PRODUCT_BUNDLE_IDENTIFIER = "com.hongmumuk-SwiftUITests";
				PRODUCT_NAME = "$(TARGET_NAME)";
				SWIFT_EMIT_LOC_STRINGS = NO;
				SWIFT_VERSION = 5.0;
				TARGETED_DEVICE_FAMILY = "1,2";
				TEST_HOST = "$(BUILT_PRODUCTS_DIR)/hongmumuk_SwiftUI.app/$(BUNDLE_EXECUTABLE_FOLDER_PATH)/hongmumuk_SwiftUI";
			};
			name = "Debug(stag)";
		};
		BEFB83E32D3D37A2000D9537 /* Debug(stag) */ = {
			isa = XCBuildConfiguration;
			buildSettings = {
				CODE_SIGN_STYLE = Automatic;
				CURRENT_PROJECT_VERSION = 35;
				DEVELOPMENT_TEAM = 7HDHR2SNR7;
				GENERATE_INFOPLIST_FILE = YES;
				MARKETING_VERSION = 1.0;
				PRODUCT_BUNDLE_IDENTIFIER = "com.hongmumuk-SwiftUIUITests";
				PRODUCT_NAME = "$(TARGET_NAME)";
				SWIFT_EMIT_LOC_STRINGS = NO;
				SWIFT_VERSION = 5.0;
				TARGETED_DEVICE_FAMILY = "1,2";
				TEST_TARGET_NAME = hongmumuk_SwiftUI;
			};
			name = "Debug(stag)";
		};
		BEFB83E42D3D37A5000D9537 /* Release(prod) */ = {
			isa = XCBuildConfiguration;
			baseConfigurationReference = 2FA097C72D42A11000D01792 /* prod.xcconfig */;
			buildSettings = {
				ALWAYS_SEARCH_USER_PATHS = NO;
				ASSETCATALOG_COMPILER_GENERATE_SWIFT_ASSET_SYMBOL_EXTENSIONS = YES;
				CLANG_ANALYZER_NONNULL = YES;
				CLANG_ANALYZER_NUMBER_OBJECT_CONVERSION = YES_AGGRESSIVE;
				CLANG_CXX_LANGUAGE_STANDARD = "gnu++20";
				CLANG_ENABLE_MODULES = YES;
				CLANG_ENABLE_OBJC_ARC = YES;
				CLANG_ENABLE_OBJC_WEAK = YES;
				CLANG_WARN_BLOCK_CAPTURE_AUTORELEASING = YES;
				CLANG_WARN_BOOL_CONVERSION = YES;
				CLANG_WARN_COMMA = YES;
				CLANG_WARN_CONSTANT_CONVERSION = YES;
				CLANG_WARN_DEPRECATED_OBJC_IMPLEMENTATIONS = YES;
				CLANG_WARN_DIRECT_OBJC_ISA_USAGE = YES_ERROR;
				CLANG_WARN_DOCUMENTATION_COMMENTS = YES;
				CLANG_WARN_EMPTY_BODY = YES;
				CLANG_WARN_ENUM_CONVERSION = YES;
				CLANG_WARN_INFINITE_RECURSION = YES;
				CLANG_WARN_INT_CONVERSION = YES;
				CLANG_WARN_NON_LITERAL_NULL_CONVERSION = YES;
				CLANG_WARN_OBJC_IMPLICIT_RETAIN_SELF = YES;
				CLANG_WARN_OBJC_LITERAL_CONVERSION = YES;
				CLANG_WARN_OBJC_ROOT_CLASS = YES_ERROR;
				CLANG_WARN_QUOTED_INCLUDE_IN_FRAMEWORK_HEADER = YES;
				CLANG_WARN_RANGE_LOOP_ANALYSIS = YES;
				CLANG_WARN_STRICT_PROTOTYPES = YES;
				CLANG_WARN_SUSPICIOUS_MOVE = YES;
				CLANG_WARN_UNGUARDED_AVAILABILITY = YES_AGGRESSIVE;
				CLANG_WARN_UNREACHABLE_CODE = YES;
				CLANG_WARN__DUPLICATE_METHOD_MATCH = YES;
				COPY_PHASE_STRIP = NO;
				DEBUG_INFORMATION_FORMAT = "dwarf-with-dsym";
				ENABLE_NS_ASSERTIONS = NO;
				ENABLE_STRICT_OBJC_MSGSEND = YES;
				ENABLE_USER_SCRIPT_SANDBOXING = YES;
				GCC_C_LANGUAGE_STANDARD = gnu17;
				GCC_NO_COMMON_BLOCKS = YES;
				GCC_WARN_64_TO_32_BIT_CONVERSION = YES;
				GCC_WARN_ABOUT_RETURN_TYPE = YES_ERROR;
				GCC_WARN_UNDECLARED_SELECTOR = YES;
				GCC_WARN_UNINITIALIZED_AUTOS = YES_AGGRESSIVE;
				GCC_WARN_UNUSED_FUNCTION = YES;
				GCC_WARN_UNUSED_VARIABLE = YES;
				IPHONEOS_DEPLOYMENT_TARGET = 18.2;
				LOCALIZATION_PREFERS_STRING_CATALOGS = YES;
				MTL_ENABLE_DEBUG_INFO = NO;
				MTL_FAST_MATH = YES;
				SDKROOT = iphoneos;
				SWIFT_COMPILATION_MODE = wholemodule;
				SWIFT_EMIT_LOC_STRINGS = YES;
				VALIDATE_PRODUCT = YES;
			};
			name = "Release(prod)";
		};
		BEFB83E52D3D37A5000D9537 /* Release(prod) */ = {
			isa = XCBuildConfiguration;
			buildSettings = {
				ASSETCATALOG_COMPILER_APPICON_NAME = AppIcon;
				ASSETCATALOG_COMPILER_GLOBAL_ACCENT_COLOR_NAME = AccentColor;
				CODE_SIGN_IDENTITY = "Apple Development";
				"CODE_SIGN_IDENTITY[sdk=iphoneos*]" = "iPhone Developer";
				CODE_SIGN_STYLE = Manual;
				CURRENT_PROJECT_VERSION = 35;
				DEVELOPMENT_ASSET_PATHS = "\"hongmumuk_SwiftUI/Preview Content\"";
				DEVELOPMENT_TEAM = "";
				"DEVELOPMENT_TEAM[sdk=iphoneos*]" = RC5FY8NJN7;
				ENABLE_APP_SANDBOX = NO;
				ENABLE_PREVIEWS = YES;
				ENABLE_USER_SCRIPT_SANDBOXING = NO;
				GENERATE_INFOPLIST_FILE = YES;
				INFOPLIST_FILE = "hongmumuk-SwiftUI-Info.plist";
				INFOPLIST_KEY_CFBundleDisplayName = "홍무묵_dev";
				INFOPLIST_KEY_ITSAppUsesNonExemptEncryption = NO;
				INFOPLIST_KEY_NSUserTrackingUsageDescription = "당신의 광고 경험을 개선하기 위해 앱 활동을 추적합니다.";
				INFOPLIST_KEY_UIApplicationSceneManifest_Generation = YES;
				INFOPLIST_KEY_UIApplicationSupportsIndirectInputEvents = YES;
				INFOPLIST_KEY_UILaunchScreen_Generation = YES;
				INFOPLIST_KEY_UISupportedInterfaceOrientations = UIInterfaceOrientationPortrait;
				INFOPLIST_KEY_UISupportedInterfaceOrientations_iPad = "UIInterfaceOrientationLandscapeLeft UIInterfaceOrientationLandscapeRight UIInterfaceOrientationPortraitUpsideDown";
				INFOPLIST_KEY_UIUserInterfaceStyle = Light;
				IPHONEOS_DEPLOYMENT_TARGET = 17.0;
				LD_RUNPATH_SEARCH_PATHS = (
					"$(inherited)",
					"@executable_path/Frameworks",
				);
				MARKETING_VERSION = 2.0.7;
				PRODUCT_BUNDLE_IDENTIFIER = "$(APP_BUNDLE_ID)";
				PRODUCT_NAME = "$(TARGET_NAME)";
				PROVISIONING_PROFILE_SPECIFIER = "";
				"PROVISIONING_PROFILE_SPECIFIER[sdk=iphoneos*]" = "Seyoung Profile";
				SUPPORTED_PLATFORMS = "iphoneos iphonesimulator";
				SUPPORTS_MACCATALYST = NO;
				SUPPORTS_MAC_DESIGNED_FOR_IPHONE_IPAD = NO;
				SUPPORTS_XR_DESIGNED_FOR_IPHONE_IPAD = NO;
				SWIFT_EMIT_LOC_STRINGS = YES;
				SWIFT_VERSION = 5.0;
				TARGETED_DEVICE_FAMILY = 1;
			};
			name = "Release(prod)";
		};
		BEFB83E62D3D37A5000D9537 /* Release(prod) */ = {
			isa = XCBuildConfiguration;
			buildSettings = {
				BUNDLE_LOADER = "$(TEST_HOST)";
				CODE_SIGN_STYLE = Automatic;
				CURRENT_PROJECT_VERSION = 35;
				DEVELOPMENT_TEAM = 7HDHR2SNR7;
				GENERATE_INFOPLIST_FILE = YES;
				IPHONEOS_DEPLOYMENT_TARGET = 18.2;
				MARKETING_VERSION = 1.0;
				PRODUCT_BUNDLE_IDENTIFIER = "com.hongmumuk-SwiftUITests";
				PRODUCT_NAME = "$(TARGET_NAME)";
				SWIFT_EMIT_LOC_STRINGS = NO;
				SWIFT_VERSION = 5.0;
				TARGETED_DEVICE_FAMILY = "1,2";
				TEST_HOST = "$(BUILT_PRODUCTS_DIR)/hongmumuk_SwiftUI.app/$(BUNDLE_EXECUTABLE_FOLDER_PATH)/hongmumuk_SwiftUI";
			};
			name = "Release(prod)";
		};
		BEFB83E72D3D37A5000D9537 /* Release(prod) */ = {
			isa = XCBuildConfiguration;
			buildSettings = {
				CODE_SIGN_STYLE = Automatic;
				CURRENT_PROJECT_VERSION = 35;
				DEVELOPMENT_TEAM = 7HDHR2SNR7;
				GENERATE_INFOPLIST_FILE = YES;
				MARKETING_VERSION = 1.0;
				PRODUCT_BUNDLE_IDENTIFIER = "com.hongmumuk-SwiftUIUITests";
				PRODUCT_NAME = "$(TARGET_NAME)";
				SWIFT_EMIT_LOC_STRINGS = NO;
				SWIFT_VERSION = 5.0;
				TARGETED_DEVICE_FAMILY = "1,2";
				TEST_TARGET_NAME = hongmumuk_SwiftUI;
			};
			name = "Release(prod)";
		};
		BEFB83E82D3D37A7000D9537 /* Release(stag) */ = {
			isa = XCBuildConfiguration;
			baseConfigurationReference = 2FA097C82D42A11000D01792 /* stag.xcconfig */;
			buildSettings = {
				ALWAYS_SEARCH_USER_PATHS = NO;
				ASSETCATALOG_COMPILER_GENERATE_SWIFT_ASSET_SYMBOL_EXTENSIONS = YES;
				CLANG_ANALYZER_NONNULL = YES;
				CLANG_ANALYZER_NUMBER_OBJECT_CONVERSION = YES_AGGRESSIVE;
				CLANG_CXX_LANGUAGE_STANDARD = "gnu++20";
				CLANG_ENABLE_MODULES = YES;
				CLANG_ENABLE_OBJC_ARC = YES;
				CLANG_ENABLE_OBJC_WEAK = YES;
				CLANG_WARN_BLOCK_CAPTURE_AUTORELEASING = YES;
				CLANG_WARN_BOOL_CONVERSION = YES;
				CLANG_WARN_COMMA = YES;
				CLANG_WARN_CONSTANT_CONVERSION = YES;
				CLANG_WARN_DEPRECATED_OBJC_IMPLEMENTATIONS = YES;
				CLANG_WARN_DIRECT_OBJC_ISA_USAGE = YES_ERROR;
				CLANG_WARN_DOCUMENTATION_COMMENTS = YES;
				CLANG_WARN_EMPTY_BODY = YES;
				CLANG_WARN_ENUM_CONVERSION = YES;
				CLANG_WARN_INFINITE_RECURSION = YES;
				CLANG_WARN_INT_CONVERSION = YES;
				CLANG_WARN_NON_LITERAL_NULL_CONVERSION = YES;
				CLANG_WARN_OBJC_IMPLICIT_RETAIN_SELF = YES;
				CLANG_WARN_OBJC_LITERAL_CONVERSION = YES;
				CLANG_WARN_OBJC_ROOT_CLASS = YES_ERROR;
				CLANG_WARN_QUOTED_INCLUDE_IN_FRAMEWORK_HEADER = YES;
				CLANG_WARN_RANGE_LOOP_ANALYSIS = YES;
				CLANG_WARN_STRICT_PROTOTYPES = YES;
				CLANG_WARN_SUSPICIOUS_MOVE = YES;
				CLANG_WARN_UNGUARDED_AVAILABILITY = YES_AGGRESSIVE;
				CLANG_WARN_UNREACHABLE_CODE = YES;
				CLANG_WARN__DUPLICATE_METHOD_MATCH = YES;
				COPY_PHASE_STRIP = NO;
				DEBUG_INFORMATION_FORMAT = "dwarf-with-dsym";
				ENABLE_NS_ASSERTIONS = NO;
				ENABLE_STRICT_OBJC_MSGSEND = YES;
				ENABLE_USER_SCRIPT_SANDBOXING = YES;
				GCC_C_LANGUAGE_STANDARD = gnu17;
				GCC_NO_COMMON_BLOCKS = YES;
				GCC_WARN_64_TO_32_BIT_CONVERSION = YES;
				GCC_WARN_ABOUT_RETURN_TYPE = YES_ERROR;
				GCC_WARN_UNDECLARED_SELECTOR = YES;
				GCC_WARN_UNINITIALIZED_AUTOS = YES_AGGRESSIVE;
				GCC_WARN_UNUSED_FUNCTION = YES;
				GCC_WARN_UNUSED_VARIABLE = YES;
				IPHONEOS_DEPLOYMENT_TARGET = 18.2;
				LOCALIZATION_PREFERS_STRING_CATALOGS = YES;
				MTL_ENABLE_DEBUG_INFO = NO;
				MTL_FAST_MATH = YES;
				SDKROOT = iphoneos;
				SWIFT_COMPILATION_MODE = wholemodule;
				SWIFT_EMIT_LOC_STRINGS = YES;
				VALIDATE_PRODUCT = YES;
			};
			name = "Release(stag)";
		};
		BEFB83E92D3D37A7000D9537 /* Release(stag) */ = {
			isa = XCBuildConfiguration;
			buildSettings = {
				ASSETCATALOG_COMPILER_APPICON_NAME = AppIcon_stag;
				ASSETCATALOG_COMPILER_GLOBAL_ACCENT_COLOR_NAME = AccentColor;
				CODE_SIGN_IDENTITY = "Apple Development";
				CODE_SIGN_STYLE = Automatic;
				CURRENT_PROJECT_VERSION = 35;
				DEVELOPMENT_ASSET_PATHS = "\"hongmumuk_SwiftUI/Preview Content\"";
				DEVELOPMENT_TEAM = "";
				ENABLE_APP_SANDBOX = NO;
				ENABLE_PREVIEWS = YES;
				ENABLE_USER_SCRIPT_SANDBOXING = NO;
				GENERATE_INFOPLIST_FILE = YES;
				INFOPLIST_FILE = "hongmumuk-SwiftUI-Info.plist";
				INFOPLIST_KEY_CFBundleDisplayName = "홍무묵_dev";
				INFOPLIST_KEY_ITSAppUsesNonExemptEncryption = NO;
				INFOPLIST_KEY_NSUserTrackingUsageDescription = "당신의 광고 경험을 개선하기 위해 앱 활동을 추적합니다.";
				INFOPLIST_KEY_UIApplicationSceneManifest_Generation = YES;
				INFOPLIST_KEY_UIApplicationSupportsIndirectInputEvents = YES;
				INFOPLIST_KEY_UILaunchScreen_Generation = YES;
				INFOPLIST_KEY_UISupportedInterfaceOrientations = UIInterfaceOrientationPortrait;
				INFOPLIST_KEY_UISupportedInterfaceOrientations_iPad = "UIInterfaceOrientationLandscapeLeft UIInterfaceOrientationLandscapeRight UIInterfaceOrientationPortraitUpsideDown";
				INFOPLIST_KEY_UIUserInterfaceStyle = Light;
				IPHONEOS_DEPLOYMENT_TARGET = 17.0;
				LD_RUNPATH_SEARCH_PATHS = (
					"$(inherited)",
					"@executable_path/Frameworks",
				);
				MARKETING_VERSION = 2.0.7;
				PRODUCT_BUNDLE_IDENTIFIER = "$(APP_BUNDLE_ID)";
				PRODUCT_NAME = "$(TARGET_NAME)";
				PROVISIONING_PROFILE_SPECIFIER = "";
				SUPPORTED_PLATFORMS = "iphoneos iphonesimulator";
				SUPPORTS_MACCATALYST = NO;
				SUPPORTS_MAC_DESIGNED_FOR_IPHONE_IPAD = NO;
				SUPPORTS_XR_DESIGNED_FOR_IPHONE_IPAD = NO;
				SWIFT_EMIT_LOC_STRINGS = YES;
				SWIFT_VERSION = 5.0;
				TARGETED_DEVICE_FAMILY = 1;
			};
			name = "Release(stag)";
		};
		BEFB83EA2D3D37A7000D9537 /* Release(stag) */ = {
			isa = XCBuildConfiguration;
			buildSettings = {
				BUNDLE_LOADER = "$(TEST_HOST)";
				CODE_SIGN_STYLE = Automatic;
				CURRENT_PROJECT_VERSION = 35;
				DEVELOPMENT_TEAM = 7HDHR2SNR7;
				GENERATE_INFOPLIST_FILE = YES;
				IPHONEOS_DEPLOYMENT_TARGET = 18.2;
				MARKETING_VERSION = 1.0;
				PRODUCT_BUNDLE_IDENTIFIER = "com.hongmumuk-SwiftUITests";
				PRODUCT_NAME = "$(TARGET_NAME)";
				SWIFT_EMIT_LOC_STRINGS = NO;
				SWIFT_VERSION = 5.0;
				TARGETED_DEVICE_FAMILY = "1,2";
				TEST_HOST = "$(BUILT_PRODUCTS_DIR)/hongmumuk_SwiftUI.app/$(BUNDLE_EXECUTABLE_FOLDER_PATH)/hongmumuk_SwiftUI";
			};
			name = "Release(stag)";
		};
		BEFB83EB2D3D37A7000D9537 /* Release(stag) */ = {
			isa = XCBuildConfiguration;
			buildSettings = {
				CODE_SIGN_STYLE = Automatic;
				CURRENT_PROJECT_VERSION = 35;
				DEVELOPMENT_TEAM = 7HDHR2SNR7;
				GENERATE_INFOPLIST_FILE = YES;
				MARKETING_VERSION = 1.0;
				PRODUCT_BUNDLE_IDENTIFIER = "com.hongmumuk-SwiftUIUITests";
				PRODUCT_NAME = "$(TARGET_NAME)";
				SWIFT_EMIT_LOC_STRINGS = NO;
				SWIFT_VERSION = 5.0;
				TARGETED_DEVICE_FAMILY = "1,2";
				TEST_TARGET_NAME = hongmumuk_SwiftUI;
			};
			name = "Release(stag)";
		};
/* End XCBuildConfiguration section */

/* Begin XCConfigurationList section */
		BEFB83942D3D359F000D9537 /* Build configuration list for PBXProject "hongmumuk_SwiftUI" */ = {
			isa = XCConfigurationList;
			buildConfigurations = (
				BEFB83BB2D3D35A1000D9537 /* Debug(dev) */,
				BEFB83E02D3D37A2000D9537 /* Debug(stag) */,
				BEFB83DC2D3D37A1000D9537 /* Debug(prod) */,
				BEFB83BC2D3D35A1000D9537 /* Release(dev) */,
				BEFB83E82D3D37A7000D9537 /* Release(stag) */,
				BEFB83E42D3D37A5000D9537 /* Release(prod) */,
			);
			defaultConfigurationIsVisible = 0;
			defaultConfigurationName = "Release(prod)";
		};
		BEFB83BD2D3D35A1000D9537 /* Build configuration list for PBXNativeTarget "hongmumuk_SwiftUI" */ = {
			isa = XCConfigurationList;
			buildConfigurations = (
				BEFB83BE2D3D35A1000D9537 /* Debug(dev) */,
				BEFB83E12D3D37A2000D9537 /* Debug(stag) */,
				BEFB83DD2D3D37A1000D9537 /* Debug(prod) */,
				BEFB83BF2D3D35A1000D9537 /* Release(dev) */,
				BEFB83E92D3D37A7000D9537 /* Release(stag) */,
				BEFB83E52D3D37A5000D9537 /* Release(prod) */,
			);
			defaultConfigurationIsVisible = 0;
			defaultConfigurationName = "Release(prod)";
		};
		BEFB83C02D3D35A1000D9537 /* Build configuration list for PBXNativeTarget "hongmumuk_SwiftUITests" */ = {
			isa = XCConfigurationList;
			buildConfigurations = (
				BEFB83C12D3D35A1000D9537 /* Debug(dev) */,
				BEFB83E22D3D37A2000D9537 /* Debug(stag) */,
				BEFB83DE2D3D37A1000D9537 /* Debug(prod) */,
				BEFB83C22D3D35A1000D9537 /* Release(dev) */,
				BEFB83EA2D3D37A7000D9537 /* Release(stag) */,
				BEFB83E62D3D37A5000D9537 /* Release(prod) */,
			);
			defaultConfigurationIsVisible = 0;
			defaultConfigurationName = "Release(prod)";
		};
		BEFB83C32D3D35A1000D9537 /* Build configuration list for PBXNativeTarget "hongmumuk_SwiftUIUITests" */ = {
			isa = XCConfigurationList;
			buildConfigurations = (
				BEFB83C42D3D35A1000D9537 /* Debug(dev) */,
				BEFB83E32D3D37A2000D9537 /* Debug(stag) */,
				BEFB83DF2D3D37A1000D9537 /* Debug(prod) */,
				BEFB83C52D3D35A1000D9537 /* Release(dev) */,
				BEFB83EB2D3D37A7000D9537 /* Release(stag) */,
				BEFB83E72D3D37A5000D9537 /* Release(prod) */,
			);
			defaultConfigurationIsVisible = 0;
			defaultConfigurationName = "Release(prod)";
		};
/* End XCConfigurationList section */

/* Begin XCRemoteSwiftPackageReference section */
		2FF95D3B2DEC83BB005BA558 /* XCRemoteSwiftPackageReference "AppsFlyerFramework" */ = {
			isa = XCRemoteSwiftPackageReference;
			repositoryURL = "https://github.com/AppsFlyerSDK/AppsFlyerFramework.git";
			requirement = {
				kind = upToNextMajorVersion;
				minimumVersion = 6.17.0;
			};
		};
		BE34849C2EC1AB7B007A92A7 /* XCRemoteSwiftPackageReference "swift-package-manager-google-mobile-ads" */ = {
			isa = XCRemoteSwiftPackageReference;
			repositoryURL = "https://github.com/googleads/swift-package-manager-google-mobile-ads";
			requirement = {
				kind = upToNextMajorVersion;
				minimumVersion = 12.13.0;
			};
		};
		BE53EF152EFBCA8500168871 /* XCRemoteSwiftPackageReference "supabase-swift" */ = {
			isa = XCRemoteSwiftPackageReference;
			repositoryURL = "https://github.com/supabase/supabase-swift";
			requirement = {
				kind = upToNextMajorVersion;
				minimumVersion = 2.5.1;
			};
		};
		BEC4980E2F458BAB007E723F /* XCRemoteSwiftPackageReference "Kingfisher" */ = {
			isa = XCRemoteSwiftPackageReference;
			repositoryURL = "https://github.com/onevcat/Kingfisher";
			requirement = {
				kind = upToNextMajorVersion;
				minimumVersion = 8.7.0;
			};
		};
		BEECD2AD2EC2FB0100D178C5 /* XCRemoteSwiftPackageReference "firebase-ios-sdk" */ = {
			isa = XCRemoteSwiftPackageReference;
			repositoryURL = "https://github.com/firebase/firebase-ios-sdk";
			requirement = {
				kind = upToNextMajorVersion;
				minimumVersion = 12.5.0;
			};
		};
/* End XCRemoteSwiftPackageReference section */

/* Begin XCSwiftPackageProductDependency section */
		2FF95D3C2DEC83BB005BA558 /* AppsFlyerLib */ = {
			isa = XCSwiftPackageProductDependency;
			package = 2FF95D3B2DEC83BB005BA558 /* XCRemoteSwiftPackageReference "AppsFlyerFramework" */;
			productName = AppsFlyerLib;
		};
		BE34849D2EC1AB7B007A92A7 /* GoogleMobileAds */ = {
			isa = XCSwiftPackageProductDependency;
			package = BE34849C2EC1AB7B007A92A7 /* XCRemoteSwiftPackageReference "swift-package-manager-google-mobile-ads" */;
			productName = GoogleMobileAds;
		};
		BE53EF162EFBCA8500168871 /* Supabase */ = {
			isa = XCSwiftPackageProductDependency;
			package = BE53EF152EFBCA8500168871 /* XCRemoteSwiftPackageReference "supabase-swift" */;
			productName = Supabase;
		};
		BEC4980F2F458BAB007E723F /* Kingfisher */ = {
			isa = XCSwiftPackageProductDependency;
			package = BEC4980E2F458BAB007E723F /* XCRemoteSwiftPackageReference "Kingfisher" */;
			productName = Kingfisher;
		};
		BEECD2AE2EC2FB0100D178C5 /* FirebaseAnalytics */ = {
			isa = XCSwiftPackageProductDependency;
			package = BEECD2AD2EC2FB0100D178C5 /* XCRemoteSwiftPackageReference "firebase-ios-sdk" */;
			productName = FirebaseAnalytics;
		};
		BEECD2B02EC2FB0100D178C5 /* FirebaseCrashlytics */ = {
			isa = XCSwiftPackageProductDependency;
			package = BEECD2AD2EC2FB0100D178C5 /* XCRemoteSwiftPackageReference "firebase-ios-sdk" */;
			productName = FirebaseCrashlytics;
		};
		BEECD2B22EC2FB0100D178C5 /* FirebaseRemoteConfig */ = {
			isa = XCSwiftPackageProductDependency;
			package = BEECD2AD2EC2FB0100D178C5 /* XCRemoteSwiftPackageReference "firebase-ios-sdk" */;
			productName = FirebaseRemoteConfig;
		};
/* End XCSwiftPackageProductDependency section */
	};
	rootObject = BEFB83912D3D359F000D9537 /* Project object */;
}
